
Microsoft Visual Studio Solution File, Format Version 12.00
# Visual Studio 15
VisualStudioVersion = 15.0.27004.2002
MinimumVisualStudioVersion = 10.0.40219.1
Project("{FAE04EC0-301F-11D3-BF4B-00C04F79EFBC}") = "Задание 1", "Задание 1\Задание 1.csproj", "{134A8EBB-FB3F-47C1-9067-8202068DD9ED}"
EndProject
Project("{FAE04EC0-301F-11D3-BF4B-00C04F79EFBC}") = "Задание 2", "Задание 2\Задание 2.csproj", "{4DA68067-0846-4F7F-B580-8F9862DE6359}"
EndProject
Project("{FAE04EC0-301F-11D3-BF4B-00C04F79EFBC}") = "Задание 3", "Задание 3\Задание 3.csproj", "{8195E454-EC4B-4557-B6F6-16EC74BEAC3D}"
EndProject
Project("{FAE04EC0-301F-11D3-BF4B-00C04F79EFBC}") = "Задание 4", "Задание 4\Задание 4.csproj", "{C6C3923E-3715-4F75-ACFF-5B6A2B132BFD}"
EndProject
Project("{FAE04EC0-301F-11D3-BF4B-00C04F79EFBC}") = "Задание 5", "Задание 5\Задание 5.csproj", "{3CEA6A62-4B49-4B43-9370-6A364FF48DFE}"
EndProject
Project("{FAE04EC0-301F-11D3-BF4B-00C04F79EFBC}") = "Задание 6", "Задание 6\Задание 6.csproj", "{BD2668DA-3FA7-493C-B2F6-D115ED9DFA3B}"
EndProject
Project("{FAE04EC0-301F-11D3-BF4B-00C04F79EFBC}") = "Задание 7", "Задание 7\Задание 7.csproj", "{C9156631-87BC-4173-B36B-C4EFD6371A74}"
EndProject
Project("{FAE04EC0-301F-11D3-BF4B-00C04F79EFBC}") = "Задание 8", "Задание 8\Задание 8.csproj", "{E74392B7-6D20-41DD-B4BD-09F84EA80569}"
EndProject
Project("{FAE04EC0-301F-11D3-BF4B-00C04F79EFBC}") = "Задание 9", "Задание 9\Задание 9.csproj", "{CA5F2E84-B3A8-486F-9F60-34C27E1E3086}"
EndProject
Project("{FAE04EC0-301F-11D3-BF4B-00C04F79EFBC}") = "Задание 10", "Задание 10\Задание 10.csproj", "{50A702E8-9803-4249-9E50-ACCC1A4E90B3}"
EndProject
Project("{FAE04EC0-301F-11D3-BF4B-00C04F79EFBC}") = "Задание 11", "Задание 11\Задание 11.csproj", "{2DE78AFC-859B-4CB0-9AA5-AB9343F91AD4}"
EndProject
Project("{FAE04EC0-301F-11D3-BF4B-00C04F79EFBC}") = "Задание 12", "Задание 12\Задание 12.csproj", "{1EDD6348-F486-43E5-A74B-A4EB736CFF9F}"
EndProject
Project("{FAE04EC0-301F-11D3-BF4B-00C04F79EFBC}") = "Задание 13", "Задание 13\Задание 13.csproj", "{C55D82DE-B262-45A4-8160-093061751273}"
EndProject
Project("{FAE04EC0-301F-11D3-BF4B-00C04F79EFBC}") = "Задание 14", "Задание 14\Задание 14.csproj", "{66821DF2-D6D4-4223-B829-4C98C6B43C76}"
EndProject
Project("{FAE04EC0-301F-11D3-BF4B-00C04F79EFBC}") = "Задание 15", "Задание 15\Задание 15.csproj", "{08626AA7-3C03-44FA-B1B3-0B8520E40BCB}"
EndProject
Project("{FAE04EC0-301F-11D3-BF4B-00C04F79EFBC}") = "Задание 16", "Задание 16\Задание 16.csproj", "{33F77A63-E5CE-4749-91B7-13805E593095}"
EndProject
Project("{FAE04EC0-301F-11D3-BF4B-00C04F79EFBC}") = "Задание 17", "Задание 17\Задание 17.csproj", "{F89CDA1E-D062-4C40-BE09-A5ECC93D9F8D}"
EndProject
Project("{FAE04EC0-301F-11D3-BF4B-00C04F79EFBC}") = "Задание 18", "Задание 18\Задание 18.csproj", "{83D98A1D-C84F-4D4D-AD7D-9224E8123A39}"
EndProject
Project("{FAE04EC0-301F-11D3-BF4B-00C04F79EFBC}") = "Задание 19", "Задание 19\Задание 19.csproj", "{F95359B8-6AD5-404B-BD4B-9A2FC818A12A}"
EndProject
Project("{FAE04EC0-301F-11D3-BF4B-00C04F79EFBC}") = "Задание 20", "Задание 20\Задание 20.csproj", "{2D1F7881-B3AE-4B48-8162-6723D4158628}"
EndProject
Project("{FAE04EC0-301F-11D3-BF4B-00C04F79EFBC}") = "Задание 21", "Задание 21\Задание 21.csproj", "{160FAFDB-9D2C-44E8-A643-57FA9F4F2201}"
EndProject
Project("{FAE04EC0-301F-11D3-BF4B-00C04F79EFBC}") = "Задание 22", "Задание 22\Задание 22.csproj", "{A6556B31-B12F-4D2B-B89A-7DB62C45A4F0}"
EndProject
Project("{FAE04EC0-301F-11D3-BF4B-00C04F79EFBC}") = "Задание 23", "Задание 23\Задание 23.csproj", "{E59F7410-95CB-4C2B-A8F3-BD74EBED7FED}"
EndProject
Project("{FAE04EC0-301F-11D3-BF4B-00C04F79EFBC}") = "Задание 24", "Задание 24\Задание 24.csproj", "{AF4F16E4-6849-47E9-BE2F-AAE385085900}"
EndProject
Project("{FAE04EC0-301F-11D3-BF4B-00C04F79EFBC}") = "Задание 25", "Задание 25\Задание 25.csproj", "{35658768-C6A7-4CF6-A6EA-276CE87E470C}"
EndProject
Project("{FAE04EC0-301F-11D3-BF4B-00C04F79EFBC}") = "Задание 26", "Задание 26\Задание 26.csproj", "{94AC1B98-9E85-4BCB-A85B-A31B5D2E05ED}"
EndProject
Project("{FAE04EC0-301F-11D3-BF4B-00C04F79EFBC}") = "Задание 27", "Задание 27\Задание 27.csproj", "{AB4CA578-5E51-45FF-BC3B-88E01921C98B}"
EndProject
Project("{FAE04EC0-301F-11D3-BF4B-00C04F79EFBC}") = "Задание 28", "Задание 28\Задание 28.csproj", "{00979312-FA03-4103-B3A3-8D16C4316820}"
EndProject
Project("{FAE04EC0-301F-11D3-BF4B-00C04F79EFBC}") = "Задание 29", "Задание 29\Задание 29.csproj", "{D5B05045-ED4B-4214-90A9-60C20B07C8F5}"
EndProject
Project("{FAE04EC0-301F-11D3-BF4B-00C04F79EFBC}") = "Задание 30", "Задание 30\Задание 30.csproj", "{CC86FC75-3123-44ED-A21B-62D2F59B633B}"
EndProject
Project("{FAE04EC0-301F-11D3-BF4B-00C04F79EFBC}") = "Задание 31", "Задание 31\Задание 31.csproj", "{1903230F-D496-4CB0-917E-2DBC37E24918}"
EndProject
Project("{FAE04EC0-301F-11D3-BF4B-00C04F79EFBC}") = "Задание 32", "Задание 32\Задание 32.csproj", "{EC73ED44-BD75-4780-9E62-30453332015A}"
EndProject
Project("{FAE04EC0-301F-11D3-BF4B-00C04F79EFBC}") = "Задание 33", "Задание 33\Задание 33.csproj", "{D8782925-3DBE-42CC-8490-D982D9CA4BBB}"
EndProject
Project("{FAE04EC0-301F-11D3-BF4B-00C04F79EFBC}") = "Задание 34", "Задание 34\Задание 34.csproj", "{5063F0C7-1A88-4BE2-B9BB-52F13DF31E0E}"
EndProject
Project("{FAE04EC0-301F-11D3-BF4B-00C04F79EFBC}") = "Задание 35", "Задание 35\Задание 35.csproj", "{A32BEC88-BE0A-41EF-AB61-EA4EC58975E1}"
EndProject
Project("{FAE04EC0-301F-11D3-BF4B-00C04F79EFBC}") = "Задание 36", "Задание 36\Задание 36.csproj", "{BF72FA94-36EB-4EA2-9CB8-88BA5670A3EE}"
EndProject
Project("{FAE04EC0-301F-11D3-BF4B-00C04F79EFBC}") = "Задание 37", "Задание 37\Задание 37.csproj", "{DC72D9C0-F395-4D4E-A0FE-17BAB5DBF8B9}"
EndProject
Global
	GlobalSection(SolutionConfigurationPlatforms) = preSolution
		Debug|Any CPU = Debug|Any CPU
		Release|Any CPU = Release|Any CPU
	EndGlobalSection
	GlobalSection(ProjectConfigurationPlatforms) = postSolution
		{134A8EBB-FB3F-47C1-9067-8202068DD9ED}.Debug|Any CPU.ActiveCfg = Debug|Any CPU
		{134A8EBB-FB3F-47C1-9067-8202068DD9ED}.Debug|Any CPU.Build.0 = Debug|Any CPU
		{134A8EBB-FB3F-47C1-9067-8202068DD9ED}.Release|Any CPU.ActiveCfg = Release|Any CPU
		{134A8EBB-FB3F-47C1-9067-8202068DD9ED}.Release|Any CPU.Build.0 = Release|Any CPU
		{4DA68067-0846-4F7F-B580-8F9862DE6359}.Debug|Any CPU.ActiveCfg = Debug|Any CPU
		{4DA68067-0846-4F7F-B580-8F9862DE6359}.Debug|Any CPU.Build.0 = Debug|Any CPU
		{4DA68067-0846-4F7F-B580-8F9862DE6359}.Release|Any CPU.ActiveCfg = Release|Any CPU
		{4DA68067-0846-4F7F-B580-8F9862DE6359}.Release|Any CPU.Build.0 = Release|Any CPU
		{8195E454-EC4B-4557-B6F6-16EC74BEAC3D}.Debug|Any CPU.ActiveCfg = Debug|Any CPU
		{8195E454-EC4B-4557-B6F6-16EC74BEAC3D}.Debug|Any CPU.Build.0 = Debug|Any CPU
		{8195E454-EC4B-4557-B6F6-16EC74BEAC3D}.Release|Any CPU.ActiveCfg = Release|Any CPU
		{8195E454-EC4B-4557-B6F6-16EC74BEAC3D}.Release|Any CPU.Build.0 = Release|Any CPU
		{C6C3923E-3715-4F75-ACFF-5B6A2B132BFD}.Debug|Any CPU.ActiveCfg = Debug|Any CPU
		{C6C3923E-3715-4F75-ACFF-5B6A2B132BFD}.Debug|Any CPU.Build.0 = Debug|Any CPU
		{C6C3923E-3715-4F75-ACFF-5B6A2B132BFD}.Release|Any CPU.ActiveCfg = Release|Any CPU
		{C6C3923E-3715-4F75-ACFF-5B6A2B132BFD}.Release|Any CPU.Build.0 = Release|Any CPU
		{3CEA6A62-4B49-4B43-9370-6A364FF48DFE}.Debug|Any CPU.ActiveCfg = Debug|Any CPU
		{3CEA6A62-4B49-4B43-9370-6A364FF48DFE}.Debug|Any CPU.Build.0 = Debug|Any CPU
		{3CEA6A62-4B49-4B43-9370-6A364FF48DFE}.Release|Any CPU.ActiveCfg = Release|Any CPU
		{3CEA6A62-4B49-4B43-9370-6A364FF48DFE}.Release|Any CPU.Build.0 = Release|Any CPU
		{BD2668DA-3FA7-493C-B2F6-D115ED9DFA3B}.Debug|Any CPU.ActiveCfg = Debug|Any CPU
		{BD2668DA-3FA7-493C-B2F6-D115ED9DFA3B}.Debug|Any CPU.Build.0 = Debug|Any CPU
		{BD2668DA-3FA7-493C-B2F6-D115ED9DFA3B}.Release|Any CPU.ActiveCfg = Release|Any CPU
		{BD2668DA-3FA7-493C-B2F6-D115ED9DFA3B}.Release|Any CPU.Build.0 = Release|Any CPU
		{C9156631-87BC-4173-B36B-C4EFD6371A74}.Debug|Any CPU.ActiveCfg = Debug|Any CPU
		{C9156631-87BC-4173-B36B-C4EFD6371A74}.Debug|Any CPU.Build.0 = Debug|Any CPU
		{C9156631-87BC-4173-B36B-C4EFD6371A74}.Release|Any CPU.ActiveCfg = Release|Any CPU
		{C9156631-87BC-4173-B36B-C4EFD6371A74}.Release|Any CPU.Build.0 = Release|Any CPU
		{E74392B7-6D20-41DD-B4BD-09F84EA80569}.Debug|Any CPU.ActiveCfg = Debug|Any CPU
		{E74392B7-6D20-41DD-B4BD-09F84EA80569}.Debug|Any CPU.Build.0 = Debug|Any CPU
		{E74392B7-6D20-41DD-B4BD-09F84EA80569}.Release|Any CPU.ActiveCfg = Release|Any CPU
		{E74392B7-6D20-41DD-B4BD-09F84EA80569}.Release|Any CPU.Build.0 = Release|Any CPU
		{CA5F2E84-B3A8-486F-9F60-34C27E1E3086}.Debug|Any CPU.ActiveCfg = Debug|Any CPU
		{CA5F2E84-B3A8-486F-9F60-34C27E1E3086}.Debug|Any CPU.Build.0 = Debug|Any CPU
		{CA5F2E84-B3A8-486F-9F60-34C27E1E3086}.Release|Any CPU.ActiveCfg = Release|Any CPU
		{CA5F2E84-B3A8-486F-9F60-34C27E1E3086}.Release|Any CPU.Build.0 = Release|Any CPU
		{50A702E8-9803-4249-9E50-ACCC1A4E90B3}.Debug|Any CPU.ActiveCfg = Debug|Any CPU
		{50A702E8-9803-4249-9E50-ACCC1A4E90B3}.Debug|Any CPU.Build.0 = Debug|Any CPU
		{50A702E8-9803-4249-9E50-ACCC1A4E90B3}.Release|Any CPU.ActiveCfg = Release|Any CPU
		{50A702E8-9803-4249-9E50-ACCC1A4E90B3}.Release|Any CPU.Build.0 = Release|Any CPU
		{2DE78AFC-859B-4CB0-9AA5-AB9343F91AD4}.Debug|Any CPU.ActiveCfg = Debug|Any CPU
		{2DE78AFC-859B-4CB0-9AA5-AB9343F91AD4}.Debug|Any CPU.Build.0 = Debug|Any CPU
		{2DE78AFC-859B-4CB0-9AA5-AB9343F91AD4}.Release|Any CPU.ActiveCfg = Release|Any CPU
		{2DE78AFC-859B-4CB0-9AA5-AB9343F91AD4}.Release|Any CPU.Build.0 = Release|Any CPU
		{1EDD6348-F486-43E5-A74B-A4EB736CFF9F}.Debug|Any CPU.ActiveCfg = Debug|Any CPU
		{1EDD6348-F486-43E5-A74B-A4EB736CFF9F}.Debug|Any CPU.Build.0 = Debug|Any CPU
		{1EDD6348-F486-43E5-A74B-A4EB736CFF9F}.Release|Any CPU.ActiveCfg = Release|Any CPU
		{1EDD6348-F486-43E5-A74B-A4EB736CFF9F}.Release|Any CPU.Build.0 = Release|Any CPU
		{C55D82DE-B262-45A4-8160-093061751273}.Debug|Any CPU.ActiveCfg = Debug|Any CPU
		{C55D82DE-B262-45A4-8160-093061751273}.Debug|Any CPU.Build.0 = Debug|Any CPU
		{C55D82DE-B262-45A4-8160-093061751273}.Release|Any CPU.ActiveCfg = Release|Any CPU
		{C55D82DE-B262-45A4-8160-093061751273}.Release|Any CPU.Build.0 = Release|Any CPU
		{66821DF2-D6D4-4223-B829-4C98C6B43C76}.Debug|Any CPU.ActiveCfg = Debug|Any CPU
		{66821DF2-D6D4-4223-B829-4C98C6B43C76}.Debug|Any CPU.Build.0 = Debug|Any CPU
		{66821DF2-D6D4-4223-B829-4C98C6B43C76}.Release|Any CPU.ActiveCfg = Release|Any CPU
		{66821DF2-D6D4-4223-B829-4C98C6B43C76}.Release|Any CPU.Build.0 = Release|Any CPU
		{08626AA7-3C03-44FA-B1B3-0B8520E40BCB}.Debug|Any CPU.ActiveCfg = Debug|Any CPU
		{08626AA7-3C03-44FA-B1B3-0B8520E40BCB}.Debug|Any CPU.Build.0 = Debug|Any CPU
		{08626AA7-3C03-44FA-B1B3-0B8520E40BCB}.Release|Any CPU.ActiveCfg = Release|Any CPU
		{08626AA7-3C03-44FA-B1B3-0B8520E40BCB}.Release|Any CPU.Build.0 = Release|Any CPU
		{33F77A63-E5CE-4749-91B7-13805E593095}.Debug|Any CPU.ActiveCfg = Debug|Any CPU
		{33F77A63-E5CE-4749-91B7-13805E593095}.Debug|Any CPU.Build.0 = Debug|Any CPU
		{33F77A63-E5CE-4749-91B7-13805E593095}.Release|Any CPU.ActiveCfg = Release|Any CPU
		{33F77A63-E5CE-4749-91B7-13805E593095}.Release|Any CPU.Build.0 = Release|Any CPU
		{F89CDA1E-D062-4C40-BE09-A5ECC93D9F8D}.Debug|Any CPU.ActiveCfg = Debug|Any CPU
		{F89CDA1E-D062-4C40-BE09-A5ECC93D9F8D}.Debug|Any CPU.Build.0 = Debug|Any CPU
		{F89CDA1E-D062-4C40-BE09-A5ECC93D9F8D}.Release|Any CPU.ActiveCfg = Release|Any CPU
		{F89CDA1E-D062-4C40-BE09-A5ECC93D9F8D}.Release|Any CPU.Build.0 = Release|Any CPU
		{83D98A1D-C84F-4D4D-AD7D-9224E8123A39}.Debug|Any CPU.ActiveCfg = Debug|Any CPU
		{83D98A1D-C84F-4D4D-AD7D-9224E8123A39}.Debug|Any CPU.Build.0 = Debug|Any CPU
		{83D98A1D-C84F-4D4D-AD7D-9224E8123A39}.Release|Any CPU.ActiveCfg = Release|Any CPU
		{83D98A1D-C84F-4D4D-AD7D-9224E8123A39}.Release|Any CPU.Build.0 = Release|Any CPU
		{F95359B8-6AD5-404B-BD4B-9A2FC818A12A}.Debug|Any CPU.ActiveCfg = Debug|Any CPU
		{F95359B8-6AD5-404B-BD4B-9A2FC818A12A}.Debug|Any CPU.Build.0 = Debug|Any CPU
		{F95359B8-6AD5-404B-BD4B-9A2FC818A12A}.Release|Any CPU.ActiveCfg = Release|Any CPU
		{F95359B8-6AD5-404B-BD4B-9A2FC818A12A}.Release|Any CPU.Build.0 = Release|Any CPU
		{2D1F7881-B3AE-4B48-8162-6723D4158628}.Debug|Any CPU.ActiveCfg = Debug|Any CPU
		{2D1F7881-B3AE-4B48-8162-6723D4158628}.Debug|Any CPU.Build.0 = Debug|Any CPU
		{2D1F7881-B3AE-4B48-8162-6723D4158628}.Release|Any CPU.ActiveCfg = Release|Any CPU
		{2D1F7881-B3AE-4B48-8162-6723D4158628}.Release|Any CPU.Build.0 = Release|Any CPU
		{160FAFDB-9D2C-44E8-A643-57FA9F4F2201}.Debug|Any CPU.ActiveCfg = Debug|Any CPU
		{160FAFDB-9D2C-44E8-A643-57FA9F4F2201}.Debug|Any CPU.Build.0 = Debug|Any CPU
		{160FAFDB-9D2C-44E8-A643-57FA9F4F2201}.Release|Any CPU.ActiveCfg = Release|Any CPU
		{160FAFDB-9D2C-44E8-A643-57FA9F4F2201}.Release|Any CPU.Build.0 = Release|Any CPU
		{A6556B31-B12F-4D2B-B89A-7DB62C45A4F0}.Debug|Any CPU.ActiveCfg = Debug|Any CPU
		{A6556B31-B12F-4D2B-B89A-7DB62C45A4F0}.Debug|Any CPU.Build.0 = Debug|Any CPU
		{A6556B31-B12F-4D2B-B89A-7DB62C45A4F0}.Release|Any CPU.ActiveCfg = Release|Any CPU
		{A6556B31-B12F-4D2B-B89A-7DB62C45A4F0}.Release|Any CPU.Build.0 = Release|Any CPU
		{E59F7410-95CB-4C2B-A8F3-BD74EBED7FED}.Debug|Any CPU.ActiveCfg = Debug|Any CPU
		{E59F7410-95CB-4C2B-A8F3-BD74EBED7FED}.Debug|Any CPU.Build.0 = Debug|Any CPU
		{E59F7410-95CB-4C2B-A8F3-BD74EBED7FED}.Release|Any CPU.ActiveCfg = Release|Any CPU
		{E59F7410-95CB-4C2B-A8F3-BD74EBED7FED}.Release|Any CPU.Build.0 = Release|Any CPU
		{AF4F16E4-6849-47E9-BE2F-AAE385085900}.Debug|Any CPU.ActiveCfg = Debug|Any CPU
		{AF4F16E4-6849-47E9-BE2F-AAE385085900}.Debug|Any CPU.Build.0 = Debug|Any CPU
		{AF4F16E4-6849-47E9-BE2F-AAE385085900}.Release|Any CPU.ActiveCfg = Release|Any CPU
		{AF4F16E4-6849-47E9-BE2F-AAE385085900}.Release|Any CPU.Build.0 = Release|Any CPU
		{35658768-C6A7-4CF6-A6EA-276CE87E470C}.Debug|Any CPU.ActiveCfg = Debug|Any CPU
		{35658768-C6A7-4CF6-A6EA-276CE87E470C}.Debug|Any CPU.Build.0 = Debug|Any CPU
		{35658768-C6A7-4CF6-A6EA-276CE87E470C}.Release|Any CPU.ActiveCfg = Release|Any CPU
		{35658768-C6A7-4CF6-A6EA-276CE87E470C}.Release|Any CPU.Build.0 = Release|Any CPU
		{94AC1B98-9E85-4BCB-A85B-A31B5D2E05ED}.Debug|Any CPU.ActiveCfg = Debug|Any CPU
		{94AC1B98-9E85-4BCB-A85B-A31B5D2E05ED}.Debug|Any CPU.Build.0 = Debug|Any CPU
		{94AC1B98-9E85-4BCB-A85B-A31B5D2E05ED}.Release|Any CPU.ActiveCfg = Release|Any CPU
		{94AC1B98-9E85-4BCB-A85B-A31B5D2E05ED}.Release|Any CPU.Build.0 = Release|Any CPU
		{AB4CA578-5E51-45FF-BC3B-88E01921C98B}.Debug|Any CPU.ActiveCfg = Debug|Any CPU
		{AB4CA578-5E51-45FF-BC3B-88E01921C98B}.Debug|Any CPU.Build.0 = Debug|Any CPU
		{AB4CA578-5E51-45FF-BC3B-88E01921C98B}.Release|Any CPU.ActiveCfg = Release|Any CPU
		{AB4CA578-5E51-45FF-BC3B-88E01921C98B}.Release|Any CPU.Build.0 = Release|Any CPU
		{00979312-FA03-4103-B3A3-8D16C4316820}.Debug|Any CPU.ActiveCfg = Debug|Any CPU
		{00979312-FA03-4103-B3A3-8D16C4316820}.Debug|Any CPU.Build.0 = Debug|Any CPU
		{00979312-FA03-4103-B3A3-8D16C4316820}.Release|Any CPU.ActiveCfg = Release|Any CPU
		{00979312-FA03-4103-B3A3-8D16C4316820}.Release|Any CPU.Build.0 = Release|Any CPU
		{D5B05045-ED4B-4214-90A9-60C20B07C8F5}.Debug|Any CPU.ActiveCfg = Debug|Any CPU
		{D5B05045-ED4B-4214-90A9-60C20B07C8F5}.Debug|Any CPU.Build.0 = Debug|Any CPU
		{D5B05045-ED4B-4214-90A9-60C20B07C8F5}.Release|Any CPU.ActiveCfg = Release|Any CPU
		{D5B05045-ED4B-4214-90A9-60C20B07C8F5}.Release|Any CPU.Build.0 = Release|Any CPU
		{CC86FC75-3123-44ED-A21B-62D2F59B633B}.Debug|Any CPU.ActiveCfg = Debug|Any CPU
		{CC86FC75-3123-44ED-A21B-62D2F59B633B}.Debug|Any CPU.Build.0 = Debug|Any CPU
		{CC86FC75-3123-44ED-A21B-62D2F59B633B}.Release|Any CPU.ActiveCfg = Release|Any CPU
		{CC86FC75-3123-44ED-A21B-62D2F59B633B}.Release|Any CPU.Build.0 = Release|Any CPU
		{1903230F-D496-4CB0-917E-2DBC37E24918}.Debug|Any CPU.ActiveCfg = Debug|Any CPU
		{1903230F-D496-4CB0-917E-2DBC37E24918}.Debug|Any CPU.Build.0 = Debug|Any CPU
		{1903230F-D496-4CB0-917E-2DBC37E24918}.Release|Any CPU.ActiveCfg = Release|Any CPU
		{1903230F-D496-4CB0-917E-2DBC37E24918}.Release|Any CPU.Build.0 = Release|Any CPU
		{EC73ED44-BD75-4780-9E62-30453332015A}.Debug|Any CPU.ActiveCfg = Debug|Any CPU
		{EC73ED44-BD75-4780-9E62-30453332015A}.Debug|Any CPU.Build.0 = Debug|Any CPU
		{EC73ED44-BD75-4780-9E62-30453332015A}.Release|Any CPU.ActiveCfg = Release|Any CPU
		{EC73ED44-BD75-4780-9E62-30453332015A}.Release|Any CPU.Build.0 = Release|Any CPU
		{D8782925-3DBE-42CC-8490-D982D9CA4BBB}.Debug|Any CPU.ActiveCfg = Debug|Any CPU
		{D8782925-3DBE-42CC-8490-D982D9CA4BBB}.Debug|Any CPU.Build.0 = Debug|Any CPU
		{D8782925-3DBE-42CC-8490-D982D9CA4BBB}.Release|Any CPU.ActiveCfg = Release|Any CPU
		{D8782925-3DBE-42CC-8490-D982D9CA4BBB}.Release|Any CPU.Build.0 = Release|Any CPU
		{5063F0C7-1A88-4BE2-B9BB-52F13DF31E0E}.Debug|Any CPU.ActiveCfg = Debug|Any CPU
		{5063F0C7-1A88-4BE2-B9BB-52F13DF31E0E}.Debug|Any CPU.Build.0 = Debug|Any CPU
		{5063F0C7-1A88-4BE2-B9BB-52F13DF31E0E}.Release|Any CPU.ActiveCfg = Release|Any CPU
		{5063F0C7-1A88-4BE2-B9BB-52F13DF31E0E}.Release|Any CPU.Build.0 = Release|Any CPU
		{A32BEC88-BE0A-41EF-AB61-EA4EC58975E1}.Debug|Any CPU.ActiveCfg = Debug|Any CPU
		{A32BEC88-BE0A-41EF-AB61-EA4EC58975E1}.Debug|Any CPU.Build.0 = Debug|Any CPU
		{A32BEC88-BE0A-41EF-AB61-EA4EC58975E1}.Release|Any CPU.ActiveCfg = Release|Any CPU
		{A32BEC88-BE0A-41EF-AB61-EA4EC58975E1}.Release|Any CPU.Build.0 = Release|Any CPU
		{BF72FA94-36EB-4EA2-9CB8-88BA5670A3EE}.Debug|Any CPU.ActiveCfg = Debug|Any CPU
		{BF72FA94-36EB-4EA2-9CB8-88BA5670A3EE}.Debug|Any CPU.Build.0 = Debug|Any CPU
		{BF72FA94-36EB-4EA2-9CB8-88BA5670A3EE}.Release|Any CPU.ActiveCfg = Release|Any CPU
		{BF72FA94-36EB-4EA2-9CB8-88BA5670A3EE}.Release|Any CPU.Build.0 = Release|Any CPU
		{DC72D9C0-F395-4D4E-A0FE-17BAB5DBF8B9}.Debug|Any CPU.ActiveCfg = Debug|Any CPU
		{DC72D9C0-F395-4D4E-A0FE-17BAB5DBF8B9}.Debug|Any CPU.Build.0 = Debug|Any CPU
		{DC72D9C0-F395-4D4E-A0FE-17BAB5DBF8B9}.Release|Any CPU.ActiveCfg = Release|Any CPU
		{DC72D9C0-F395-4D4E-A0FE-17BAB5DBF8B9}.Release|Any CPU.Build.0 = Release|Any CPU
	EndGlobalSection
	GlobalSection(SolutionProperties) = preSolution
		HideSolutionNode = FALSE
	EndGlobalSection
	GlobalSection(ExtensibilityGlobals) = postSolution
		SolutionGuid = {1C3254F5-6415-42AF-BEC0-7A78E234EBCC}
	EndGlobalSection
EndGlobal
