
Microsoft Visual Studio Solution File, Format Version 12.00
# Visual Studio 15
VisualStudioVersion = 15.0.27004.2002
MinimumVisualStudioVersion = 10.0.40219.1
Project("{FAE04EC0-301F-11D3-BF4B-00C04F79EFBC}") = "Задание 1", "Задание 1\Задание 1.csproj", "{84DEFF5E-FF04-44AE-AA7D-9829D8C5887B}"
EndProject
Project("{FAE04EC0-301F-11D3-BF4B-00C04F79EFBC}") = "Задание 2", "Задание 2\Задание 2.csproj", "{72A15F6C-0DEB-4D0B-8308-7DF970AA0A18}"
EndProject
Project("{FAE04EC0-301F-11D3-BF4B-00C04F79EFBC}") = "Задание 3", "Задание 3\Задание 3.csproj", "{F9178885-6A20-4588-AF4B-ADFBA342C5A2}"
EndProject
Global
	GlobalSection(SolutionConfigurationPlatforms) = preSolution
		Debug|Any CPU = Debug|Any CPU
		Release|Any CPU = Release|Any CPU
	EndGlobalSection
	GlobalSection(ProjectConfigurationPlatforms) = postSolution
		{84DEFF5E-FF04-44AE-AA7D-9829D8C5887B}.Debug|Any CPU.ActiveCfg = Debug|Any CPU
		{84DEFF5E-FF04-44AE-AA7D-9829D8C5887B}.Debug|Any CPU.Build.0 = Debug|Any CPU
		{84DEFF5E-FF04-44AE-AA7D-9829D8C5887B}.Release|Any CPU.ActiveCfg = Release|Any CPU
		{84DEFF5E-FF04-44AE-AA7D-9829D8C5887B}.Release|Any CPU.Build.0 = Release|Any CPU
		{72A15F6C-0DEB-4D0B-8308-7DF970AA0A18}.Debug|Any CPU.ActiveCfg = Debug|Any CPU
		{72A15F6C-0DEB-4D0B-8308-7DF970AA0A18}.Debug|Any CPU.Build.0 = Debug|Any CPU
		{72A15F6C-0DEB-4D0B-8308-7DF970AA0A18}.Release|Any CPU.ActiveCfg = Release|Any CPU
		{72A15F6C-0DEB-4D0B-8308-7DF970AA0A18}.Release|Any CPU.Build.0 = Release|Any CPU
		{F9178885-6A20-4588-AF4B-ADFBA342C5A2}.Debug|Any CPU.ActiveCfg = Debug|Any CPU
		{F9178885-6A20-4588-AF4B-ADFBA342C5A2}.Debug|Any CPU.Build.0 = Debug|Any CPU
		{F9178885-6A20-4588-AF4B-ADFBA342C5A2}.Release|Any CPU.ActiveCfg = Release|Any CPU
		{F9178885-6A20-4588-AF4B-ADFBA342C5A2}.Release|Any CPU.Build.0 = Release|Any CPU
	EndGlobalSection
	GlobalSection(SolutionProperties) = preSolution
		HideSolutionNode = FALSE
	EndGlobalSection
	GlobalSection(ExtensibilityGlobals) = postSolution
		SolutionGuid = {61FEA77B-A391-49B3-8BF2-A75BA804260D}
	EndGlobalSection
EndGlobal
