
Microsoft Visual Studio Solution File, Format Version 12.00
# Visual Studio 15
VisualStudioVersion = 15.0.27130.2003
MinimumVisualStudioVersion = 10.0.40219.1
Project("{FAE04EC0-301F-11D3-BF4B-00C04F79EFBC}") = "Задание 1", "Задание 1\Задание 1.csproj", "{08425C34-7349-4A98-8AAA-2A3FB24B617C}"
EndProject
Project("{FAE04EC0-301F-11D3-BF4B-00C04F79EFBC}") = "Задание 2", "Задание 2\Задание 2.csproj", "{8201A83C-B331-4D82-BC4F-C60392086D4A}"
EndProject
Project("{FAE04EC0-301F-11D3-BF4B-00C04F79EFBC}") = "Задание 3", "Задание 3\Задание 3.csproj", "{04C0B8B1-CCB3-4A74-93C9-060693F3B7D4}"
EndProject
Project("{FAE04EC0-301F-11D3-BF4B-00C04F79EFBC}") = "Задание 4", "Задание 4\Задание 4.csproj", "{93454582-ED87-4223-BFCB-CE7649D543ED}"
EndProject
Project("{FAE04EC0-301F-11D3-BF4B-00C04F79EFBC}") = "Задание 5", "Задание 5\Задание 5.csproj", "{AC71663E-1C1D-47F2-B73B-A8E47C2D0EB2}"
EndProject
Project("{FAE04EC0-301F-11D3-BF4B-00C04F79EFBC}") = "Задание 6", "Задание 6\Задание 6.csproj", "{1FACA918-6126-4A83-B186-3DD4424F7A71}"
EndProject
Project("{FAE04EC0-301F-11D3-BF4B-00C04F79EFBC}") = "Задание 7", "Задание 7\Задание 7.csproj", "{C83FFC25-66BA-4ABD-A13A-C84E07FFF02E}"
EndProject
Project("{FAE04EC0-301F-11D3-BF4B-00C04F79EFBC}") = "Задание 8", "Задание 8\Задание 8.csproj", "{FC9D36F0-6827-4C16-8B0A-FDF447E6C148}"
EndProject
Project("{FAE04EC0-301F-11D3-BF4B-00C04F79EFBC}") = "Задание 9", "Задание 9\Задание 9.csproj", "{D55D07C4-DCF3-4994-92AE-203FBEE719DF}"
EndProject
Project("{FAE04EC0-301F-11D3-BF4B-00C04F79EFBC}") = "Задание 10", "Задание 10\Задание 10.csproj", "{83C39B34-D6FD-40A3-94BD-3B001EB9AB2B}"
EndProject
Project("{FAE04EC0-301F-11D3-BF4B-00C04F79EFBC}") = "Задание 11", "Задание 11\Задание 11.csproj", "{57FBB66C-E770-4CE3-82CF-BC59C0C8BC1B}"
EndProject
Project("{FAE04EC0-301F-11D3-BF4B-00C04F79EFBC}") = "Задание 12", "Задание 12\Задание 12.csproj", "{AD679C44-E096-459B-9C68-C5241685EFD4}"
EndProject
Project("{FAE04EC0-301F-11D3-BF4B-00C04F79EFBC}") = "Задание 13", "Задание 13\Задание 13.csproj", "{99245868-1482-4C71-A44C-DD1B06BC1E8B}"
EndProject
Project("{FAE04EC0-301F-11D3-BF4B-00C04F79EFBC}") = "Задание 14", "Задание 14\Задание 14.csproj", "{B54238C4-F9DF-451D-835D-447EC4C08341}"
EndProject
Project("{FAE04EC0-301F-11D3-BF4B-00C04F79EFBC}") = "Задание 15", "Задание 15\Задание 15.csproj", "{D7DAB4CE-F18B-47EC-B6D0-EF0F74CB04FF}"
EndProject
Project("{FAE04EC0-301F-11D3-BF4B-00C04F79EFBC}") = "Задание 16", "Задание 16\Задание 16.csproj", "{065FEF20-17A1-419E-AB78-D70D2582F609}"
EndProject
Project("{FAE04EC0-301F-11D3-BF4B-00C04F79EFBC}") = "Задание 17", "Задание 17\Задание 17.csproj", "{0ACD02A7-41A7-4511-BE28-D05F29C8E72F}"
EndProject
Project("{FAE04EC0-301F-11D3-BF4B-00C04F79EFBC}") = "Задание 18", "Задание 18\Задание 18.csproj", "{AB96F1EF-1E39-4C6D-9882-EF1F2E4187D9}"
EndProject
Project("{FAE04EC0-301F-11D3-BF4B-00C04F79EFBC}") = "Задание 19", "Задание 19\Задание 19.csproj", "{2C85D84A-EFC2-410D-9788-CCC7CF00719C}"
EndProject
Project("{FAE04EC0-301F-11D3-BF4B-00C04F79EFBC}") = "Задание 20", "Задание 20\Задание 20.csproj", "{8DAD8BE7-7416-4B46-9486-2B3794E6F521}"
EndProject
Project("{FAE04EC0-301F-11D3-BF4B-00C04F79EFBC}") = "Задание 21", "Задание 21\Задание 21.csproj", "{B6B436D6-227E-4B8D-BD78-0F6E563AB04B}"
EndProject
Project("{FAE04EC0-301F-11D3-BF4B-00C04F79EFBC}") = "Задание 22", "Задание 22\Задание 22.csproj", "{D1E1156D-5F99-4C57-AC64-AEEE07682792}"
EndProject
Project("{FAE04EC0-301F-11D3-BF4B-00C04F79EFBC}") = "Задание 23", "Задание 23\Задание 23.csproj", "{8D7D4DC8-F15B-42D3-9345-A82DBA105E29}"
EndProject
Project("{FAE04EC0-301F-11D3-BF4B-00C04F79EFBC}") = "Задание 24", "Задание 24\Задание 24.csproj", "{95B85086-7B79-40FB-98F4-4BD5C7ABDFD1}"
EndProject
Project("{FAE04EC0-301F-11D3-BF4B-00C04F79EFBC}") = "Задание 25", "Задание 25\Задание 25.csproj", "{7FAA1B0A-AC64-4B85-A409-EEBA2680A45A}"
EndProject
Project("{FAE04EC0-301F-11D3-BF4B-00C04F79EFBC}") = "Задание 26", "Задание 26\Задание 26.csproj", "{FAF83ED3-E06A-4DEC-9D20-863928AF8C89}"
EndProject
Project("{FAE04EC0-301F-11D3-BF4B-00C04F79EFBC}") = "Задание 27", "Задание 27\Задание 27.csproj", "{DC091EBE-5B2B-4248-8F5A-0598A09328AD}"
EndProject
Project("{FAE04EC0-301F-11D3-BF4B-00C04F79EFBC}") = "Задание 28", "Задание 28\Задание 28.csproj", "{64C2EE0B-1162-4479-8ECF-A119F8DEEF1C}"
EndProject
Project("{FAE04EC0-301F-11D3-BF4B-00C04F79EFBC}") = "Задание 29", "Задание 29\Задание 29.csproj", "{ECE897B2-8278-4335-B653-E459AB360D2E}"
EndProject
Project("{FAE04EC0-301F-11D3-BF4B-00C04F79EFBC}") = "Задание 30", "Задание 30\Задание 30.csproj", "{527C745A-4CA8-4D17-8398-6D7C549701E4}"
EndProject
Project("{FAE04EC0-301F-11D3-BF4B-00C04F79EFBC}") = "Задание 31", "Задание 31\Задание 31.csproj", "{3303D5BC-B063-40C9-8338-66F116F913B8}"
EndProject
Project("{FAE04EC0-301F-11D3-BF4B-00C04F79EFBC}") = "Задание 32", "Задание 32\Задание 32.csproj", "{0A29BE09-33C9-47E0-BBB5-668E3D3B1E25}"
EndProject
Project("{FAE04EC0-301F-11D3-BF4B-00C04F79EFBC}") = "Задание 33", "Задание 33\Задание 33.csproj", "{2D99F011-4068-4362-ACB1-A3FF8FC19EE8}"
EndProject
Project("{FAE04EC0-301F-11D3-BF4B-00C04F79EFBC}") = "Задание 34", "Задание 34\Задание 34.csproj", "{EF583A86-07BB-4A79-8EBD-251F7FE5578F}"
EndProject
Project("{FAE04EC0-301F-11D3-BF4B-00C04F79EFBC}") = "Задание 35", "Задание 35\Задание 35.csproj", "{A88C2526-98D7-4BDA-B603-080654CE1DFC}"
EndProject
Project("{FAE04EC0-301F-11D3-BF4B-00C04F79EFBC}") = "Задание 36", "Задание 36\Задание 36.csproj", "{CDB9DD01-8428-4D64-B2F7-845F61F03FB1}"
EndProject
Project("{FAE04EC0-301F-11D3-BF4B-00C04F79EFBC}") = "Задание 37", "Задание 37\Задание 37.csproj", "{DBEB7D14-30D5-4171-B6B9-CEA6F291F986}"
EndProject
Project("{FAE04EC0-301F-11D3-BF4B-00C04F79EFBC}") = "Задание 38", "Задание 38\Задание 38.csproj", "{0580E19D-45C1-4CF2-A842-340E3930F566}"
EndProject
Project("{FAE04EC0-301F-11D3-BF4B-00C04F79EFBC}") = "Задание 39", "Задание 39\Задание 39.csproj", "{7CA71090-0F43-4D57-81F7-2700EACD51E6}"
EndProject
Project("{FAE04EC0-301F-11D3-BF4B-00C04F79EFBC}") = "Задание 40", "Задание 40\Задание 40.csproj", "{132FDA2A-091C-495A-B8D0-6E977DB90DB3}"
EndProject
Project("{FAE04EC0-301F-11D3-BF4B-00C04F79EFBC}") = "Задание 41", "Задание 41\Задание 41.csproj", "{1BD2FB77-30A3-4768-A2AA-9EA10DDCB4A5}"
EndProject
Global
	GlobalSection(SolutionConfigurationPlatforms) = preSolution
		Debug|Any CPU = Debug|Any CPU
		Release|Any CPU = Release|Any CPU
	EndGlobalSection
	GlobalSection(ProjectConfigurationPlatforms) = postSolution
		{08425C34-7349-4A98-8AAA-2A3FB24B617C}.Debug|Any CPU.ActiveCfg = Debug|Any CPU
		{08425C34-7349-4A98-8AAA-2A3FB24B617C}.Debug|Any CPU.Build.0 = Debug|Any CPU
		{08425C34-7349-4A98-8AAA-2A3FB24B617C}.Release|Any CPU.ActiveCfg = Release|Any CPU
		{08425C34-7349-4A98-8AAA-2A3FB24B617C}.Release|Any CPU.Build.0 = Release|Any CPU
		{8201A83C-B331-4D82-BC4F-C60392086D4A}.Debug|Any CPU.ActiveCfg = Debug|Any CPU
		{8201A83C-B331-4D82-BC4F-C60392086D4A}.Debug|Any CPU.Build.0 = Debug|Any CPU
		{8201A83C-B331-4D82-BC4F-C60392086D4A}.Release|Any CPU.ActiveCfg = Release|Any CPU
		{8201A83C-B331-4D82-BC4F-C60392086D4A}.Release|Any CPU.Build.0 = Release|Any CPU
		{04C0B8B1-CCB3-4A74-93C9-060693F3B7D4}.Debug|Any CPU.ActiveCfg = Debug|Any CPU
		{04C0B8B1-CCB3-4A74-93C9-060693F3B7D4}.Debug|Any CPU.Build.0 = Debug|Any CPU
		{04C0B8B1-CCB3-4A74-93C9-060693F3B7D4}.Release|Any CPU.ActiveCfg = Release|Any CPU
		{04C0B8B1-CCB3-4A74-93C9-060693F3B7D4}.Release|Any CPU.Build.0 = Release|Any CPU
		{93454582-ED87-4223-BFCB-CE7649D543ED}.Debug|Any CPU.ActiveCfg = Debug|Any CPU
		{93454582-ED87-4223-BFCB-CE7649D543ED}.Debug|Any CPU.Build.0 = Debug|Any CPU
		{93454582-ED87-4223-BFCB-CE7649D543ED}.Release|Any CPU.ActiveCfg = Release|Any CPU
		{93454582-ED87-4223-BFCB-CE7649D543ED}.Release|Any CPU.Build.0 = Release|Any CPU
		{AC71663E-1C1D-47F2-B73B-A8E47C2D0EB2}.Debug|Any CPU.ActiveCfg = Debug|Any CPU
		{AC71663E-1C1D-47F2-B73B-A8E47C2D0EB2}.Debug|Any CPU.Build.0 = Debug|Any CPU
		{AC71663E-1C1D-47F2-B73B-A8E47C2D0EB2}.Release|Any CPU.ActiveCfg = Release|Any CPU
		{AC71663E-1C1D-47F2-B73B-A8E47C2D0EB2}.Release|Any CPU.Build.0 = Release|Any CPU
		{1FACA918-6126-4A83-B186-3DD4424F7A71}.Debug|Any CPU.ActiveCfg = Debug|Any CPU
		{1FACA918-6126-4A83-B186-3DD4424F7A71}.Debug|Any CPU.Build.0 = Debug|Any CPU
		{1FACA918-6126-4A83-B186-3DD4424F7A71}.Release|Any CPU.ActiveCfg = Release|Any CPU
		{1FACA918-6126-4A83-B186-3DD4424F7A71}.Release|Any CPU.Build.0 = Release|Any CPU
		{C83FFC25-66BA-4ABD-A13A-C84E07FFF02E}.Debug|Any CPU.ActiveCfg = Debug|Any CPU
		{C83FFC25-66BA-4ABD-A13A-C84E07FFF02E}.Debug|Any CPU.Build.0 = Debug|Any CPU
		{C83FFC25-66BA-4ABD-A13A-C84E07FFF02E}.Release|Any CPU.ActiveCfg = Release|Any CPU
		{C83FFC25-66BA-4ABD-A13A-C84E07FFF02E}.Release|Any CPU.Build.0 = Release|Any CPU
		{FC9D36F0-6827-4C16-8B0A-FDF447E6C148}.Debug|Any CPU.ActiveCfg = Debug|Any CPU
		{FC9D36F0-6827-4C16-8B0A-FDF447E6C148}.Debug|Any CPU.Build.0 = Debug|Any CPU
		{FC9D36F0-6827-4C16-8B0A-FDF447E6C148}.Release|Any CPU.ActiveCfg = Release|Any CPU
		{FC9D36F0-6827-4C16-8B0A-FDF447E6C148}.Release|Any CPU.Build.0 = Release|Any CPU
		{D55D07C4-DCF3-4994-92AE-203FBEE719DF}.Debug|Any CPU.ActiveCfg = Debug|Any CPU
		{D55D07C4-DCF3-4994-92AE-203FBEE719DF}.Debug|Any CPU.Build.0 = Debug|Any CPU
		{D55D07C4-DCF3-4994-92AE-203FBEE719DF}.Release|Any CPU.ActiveCfg = Release|Any CPU
		{D55D07C4-DCF3-4994-92AE-203FBEE719DF}.Release|Any CPU.Build.0 = Release|Any CPU
		{83C39B34-D6FD-40A3-94BD-3B001EB9AB2B}.Debug|Any CPU.ActiveCfg = Debug|Any CPU
		{83C39B34-D6FD-40A3-94BD-3B001EB9AB2B}.Debug|Any CPU.Build.0 = Debug|Any CPU
		{83C39B34-D6FD-40A3-94BD-3B001EB9AB2B}.Release|Any CPU.ActiveCfg = Release|Any CPU
		{83C39B34-D6FD-40A3-94BD-3B001EB9AB2B}.Release|Any CPU.Build.0 = Release|Any CPU
		{57FBB66C-E770-4CE3-82CF-BC59C0C8BC1B}.Debug|Any CPU.ActiveCfg = Debug|Any CPU
		{57FBB66C-E770-4CE3-82CF-BC59C0C8BC1B}.Debug|Any CPU.Build.0 = Debug|Any CPU
		{57FBB66C-E770-4CE3-82CF-BC59C0C8BC1B}.Release|Any CPU.ActiveCfg = Release|Any CPU
		{57FBB66C-E770-4CE3-82CF-BC59C0C8BC1B}.Release|Any CPU.Build.0 = Release|Any CPU
		{AD679C44-E096-459B-9C68-C5241685EFD4}.Debug|Any CPU.ActiveCfg = Debug|Any CPU
		{AD679C44-E096-459B-9C68-C5241685EFD4}.Debug|Any CPU.Build.0 = Debug|Any CPU
		{AD679C44-E096-459B-9C68-C5241685EFD4}.Release|Any CPU.ActiveCfg = Release|Any CPU
		{AD679C44-E096-459B-9C68-C5241685EFD4}.Release|Any CPU.Build.0 = Release|Any CPU
		{99245868-1482-4C71-A44C-DD1B06BC1E8B}.Debug|Any CPU.ActiveCfg = Debug|Any CPU
		{99245868-1482-4C71-A44C-DD1B06BC1E8B}.Debug|Any CPU.Build.0 = Debug|Any CPU
		{99245868-1482-4C71-A44C-DD1B06BC1E8B}.Release|Any CPU.ActiveCfg = Release|Any CPU
		{99245868-1482-4C71-A44C-DD1B06BC1E8B}.Release|Any CPU.Build.0 = Release|Any CPU
		{B54238C4-F9DF-451D-835D-447EC4C08341}.Debug|Any CPU.ActiveCfg = Debug|Any CPU
		{B54238C4-F9DF-451D-835D-447EC4C08341}.Debug|Any CPU.Build.0 = Debug|Any CPU
		{B54238C4-F9DF-451D-835D-447EC4C08341}.Release|Any CPU.ActiveCfg = Release|Any CPU
		{B54238C4-F9DF-451D-835D-447EC4C08341}.Release|Any CPU.Build.0 = Release|Any CPU
		{D7DAB4CE-F18B-47EC-B6D0-EF0F74CB04FF}.Debug|Any CPU.ActiveCfg = Debug|Any CPU
		{D7DAB4CE-F18B-47EC-B6D0-EF0F74CB04FF}.Debug|Any CPU.Build.0 = Debug|Any CPU
		{D7DAB4CE-F18B-47EC-B6D0-EF0F74CB04FF}.Release|Any CPU.ActiveCfg = Release|Any CPU
		{D7DAB4CE-F18B-47EC-B6D0-EF0F74CB04FF}.Release|Any CPU.Build.0 = Release|Any CPU
		{065FEF20-17A1-419E-AB78-D70D2582F609}.Debug|Any CPU.ActiveCfg = Debug|Any CPU
		{065FEF20-17A1-419E-AB78-D70D2582F609}.Debug|Any CPU.Build.0 = Debug|Any CPU
		{065FEF20-17A1-419E-AB78-D70D2582F609}.Release|Any CPU.ActiveCfg = Release|Any CPU
		{065FEF20-17A1-419E-AB78-D70D2582F609}.Release|Any CPU.Build.0 = Release|Any CPU
		{0ACD02A7-41A7-4511-BE28-D05F29C8E72F}.Debug|Any CPU.ActiveCfg = Debug|Any CPU
		{0ACD02A7-41A7-4511-BE28-D05F29C8E72F}.Debug|Any CPU.Build.0 = Debug|Any CPU
		{0ACD02A7-41A7-4511-BE28-D05F29C8E72F}.Release|Any CPU.ActiveCfg = Release|Any CPU
		{0ACD02A7-41A7-4511-BE28-D05F29C8E72F}.Release|Any CPU.Build.0 = Release|Any CPU
		{AB96F1EF-1E39-4C6D-9882-EF1F2E4187D9}.Debug|Any CPU.ActiveCfg = Debug|Any CPU
		{AB96F1EF-1E39-4C6D-9882-EF1F2E4187D9}.Debug|Any CPU.Build.0 = Debug|Any CPU
		{AB96F1EF-1E39-4C6D-9882-EF1F2E4187D9}.Release|Any CPU.ActiveCfg = Release|Any CPU
		{AB96F1EF-1E39-4C6D-9882-EF1F2E4187D9}.Release|Any CPU.Build.0 = Release|Any CPU
		{2C85D84A-EFC2-410D-9788-CCC7CF00719C}.Debug|Any CPU.ActiveCfg = Debug|Any CPU
		{2C85D84A-EFC2-410D-9788-CCC7CF00719C}.Debug|Any CPU.Build.0 = Debug|Any CPU
		{2C85D84A-EFC2-410D-9788-CCC7CF00719C}.Release|Any CPU.ActiveCfg = Release|Any CPU
		{2C85D84A-EFC2-410D-9788-CCC7CF00719C}.Release|Any CPU.Build.0 = Release|Any CPU
		{8DAD8BE7-7416-4B46-9486-2B3794E6F521}.Debug|Any CPU.ActiveCfg = Debug|Any CPU
		{8DAD8BE7-7416-4B46-9486-2B3794E6F521}.Debug|Any CPU.Build.0 = Debug|Any CPU
		{8DAD8BE7-7416-4B46-9486-2B3794E6F521}.Release|Any CPU.ActiveCfg = Release|Any CPU
		{8DAD8BE7-7416-4B46-9486-2B3794E6F521}.Release|Any CPU.Build.0 = Release|Any CPU
		{B6B436D6-227E-4B8D-BD78-0F6E563AB04B}.Debug|Any CPU.ActiveCfg = Debug|Any CPU
		{B6B436D6-227E-4B8D-BD78-0F6E563AB04B}.Debug|Any CPU.Build.0 = Debug|Any CPU
		{B6B436D6-227E-4B8D-BD78-0F6E563AB04B}.Release|Any CPU.ActiveCfg = Release|Any CPU
		{B6B436D6-227E-4B8D-BD78-0F6E563AB04B}.Release|Any CPU.Build.0 = Release|Any CPU
		{D1E1156D-5F99-4C57-AC64-AEEE07682792}.Debug|Any CPU.ActiveCfg = Debug|Any CPU
		{D1E1156D-5F99-4C57-AC64-AEEE07682792}.Debug|Any CPU.Build.0 = Debug|Any CPU
		{D1E1156D-5F99-4C57-AC64-AEEE07682792}.Release|Any CPU.ActiveCfg = Release|Any CPU
		{D1E1156D-5F99-4C57-AC64-AEEE07682792}.Release|Any CPU.Build.0 = Release|Any CPU
		{8D7D4DC8-F15B-42D3-9345-A82DBA105E29}.Debug|Any CPU.ActiveCfg = Debug|Any CPU
		{8D7D4DC8-F15B-42D3-9345-A82DBA105E29}.Debug|Any CPU.Build.0 = Debug|Any CPU
		{8D7D4DC8-F15B-42D3-9345-A82DBA105E29}.Release|Any CPU.ActiveCfg = Release|Any CPU
		{8D7D4DC8-F15B-42D3-9345-A82DBA105E29}.Release|Any CPU.Build.0 = Release|Any CPU
		{95B85086-7B79-40FB-98F4-4BD5C7ABDFD1}.Debug|Any CPU.ActiveCfg = Debug|Any CPU
		{95B85086-7B79-40FB-98F4-4BD5C7ABDFD1}.Debug|Any CPU.Build.0 = Debug|Any CPU
		{95B85086-7B79-40FB-98F4-4BD5C7ABDFD1}.Release|Any CPU.ActiveCfg = Release|Any CPU
		{95B85086-7B79-40FB-98F4-4BD5C7ABDFD1}.Release|Any CPU.Build.0 = Release|Any CPU
		{7FAA1B0A-AC64-4B85-A409-EEBA2680A45A}.Debug|Any CPU.ActiveCfg = Debug|Any CPU
		{7FAA1B0A-AC64-4B85-A409-EEBA2680A45A}.Debug|Any CPU.Build.0 = Debug|Any CPU
		{7FAA1B0A-AC64-4B85-A409-EEBA2680A45A}.Release|Any CPU.ActiveCfg = Release|Any CPU
		{7FAA1B0A-AC64-4B85-A409-EEBA2680A45A}.Release|Any CPU.Build.0 = Release|Any CPU
		{FAF83ED3-E06A-4DEC-9D20-863928AF8C89}.Debug|Any CPU.ActiveCfg = Debug|Any CPU
		{FAF83ED3-E06A-4DEC-9D20-863928AF8C89}.Debug|Any CPU.Build.0 = Debug|Any CPU
		{FAF83ED3-E06A-4DEC-9D20-863928AF8C89}.Release|Any CPU.ActiveCfg = Release|Any CPU
		{FAF83ED3-E06A-4DEC-9D20-863928AF8C89}.Release|Any CPU.Build.0 = Release|Any CPU
		{DC091EBE-5B2B-4248-8F5A-0598A09328AD}.Debug|Any CPU.ActiveCfg = Debug|Any CPU
		{DC091EBE-5B2B-4248-8F5A-0598A09328AD}.Debug|Any CPU.Build.0 = Debug|Any CPU
		{DC091EBE-5B2B-4248-8F5A-0598A09328AD}.Release|Any CPU.ActiveCfg = Release|Any CPU
		{DC091EBE-5B2B-4248-8F5A-0598A09328AD}.Release|Any CPU.Build.0 = Release|Any CPU
		{64C2EE0B-1162-4479-8ECF-A119F8DEEF1C}.Debug|Any CPU.ActiveCfg = Debug|Any CPU
		{64C2EE0B-1162-4479-8ECF-A119F8DEEF1C}.Debug|Any CPU.Build.0 = Debug|Any CPU
		{64C2EE0B-1162-4479-8ECF-A119F8DEEF1C}.Release|Any CPU.ActiveCfg = Release|Any CPU
		{64C2EE0B-1162-4479-8ECF-A119F8DEEF1C}.Release|Any CPU.Build.0 = Release|Any CPU
		{ECE897B2-8278-4335-B653-E459AB360D2E}.Debug|Any CPU.ActiveCfg = Debug|Any CPU
		{ECE897B2-8278-4335-B653-E459AB360D2E}.Debug|Any CPU.Build.0 = Debug|Any CPU
		{ECE897B2-8278-4335-B653-E459AB360D2E}.Release|Any CPU.ActiveCfg = Release|Any CPU
		{ECE897B2-8278-4335-B653-E459AB360D2E}.Release|Any CPU.Build.0 = Release|Any CPU
		{527C745A-4CA8-4D17-8398-6D7C549701E4}.Debug|Any CPU.ActiveCfg = Debug|Any CPU
		{527C745A-4CA8-4D17-8398-6D7C549701E4}.Debug|Any CPU.Build.0 = Debug|Any CPU
		{527C745A-4CA8-4D17-8398-6D7C549701E4}.Release|Any CPU.ActiveCfg = Release|Any CPU
		{527C745A-4CA8-4D17-8398-6D7C549701E4}.Release|Any CPU.Build.0 = Release|Any CPU
		{3303D5BC-B063-40C9-8338-66F116F913B8}.Debug|Any CPU.ActiveCfg = Debug|Any CPU
		{3303D5BC-B063-40C9-8338-66F116F913B8}.Debug|Any CPU.Build.0 = Debug|Any CPU
		{3303D5BC-B063-40C9-8338-66F116F913B8}.Release|Any CPU.ActiveCfg = Release|Any CPU
		{3303D5BC-B063-40C9-8338-66F116F913B8}.Release|Any CPU.Build.0 = Release|Any CPU
		{0A29BE09-33C9-47E0-BBB5-668E3D3B1E25}.Debug|Any CPU.ActiveCfg = Debug|Any CPU
		{0A29BE09-33C9-47E0-BBB5-668E3D3B1E25}.Debug|Any CPU.Build.0 = Debug|Any CPU
		{0A29BE09-33C9-47E0-BBB5-668E3D3B1E25}.Release|Any CPU.ActiveCfg = Release|Any CPU
		{0A29BE09-33C9-47E0-BBB5-668E3D3B1E25}.Release|Any CPU.Build.0 = Release|Any CPU
		{2D99F011-4068-4362-ACB1-A3FF8FC19EE8}.Debug|Any CPU.ActiveCfg = Debug|Any CPU
		{2D99F011-4068-4362-ACB1-A3FF8FC19EE8}.Debug|Any CPU.Build.0 = Debug|Any CPU
		{2D99F011-4068-4362-ACB1-A3FF8FC19EE8}.Release|Any CPU.ActiveCfg = Release|Any CPU
		{2D99F011-4068-4362-ACB1-A3FF8FC19EE8}.Release|Any CPU.Build.0 = Release|Any CPU
		{EF583A86-07BB-4A79-8EBD-251F7FE5578F}.Debug|Any CPU.ActiveCfg = Debug|Any CPU
		{EF583A86-07BB-4A79-8EBD-251F7FE5578F}.Debug|Any CPU.Build.0 = Debug|Any CPU
		{EF583A86-07BB-4A79-8EBD-251F7FE5578F}.Release|Any CPU.ActiveCfg = Release|Any CPU
		{EF583A86-07BB-4A79-8EBD-251F7FE5578F}.Release|Any CPU.Build.0 = Release|Any CPU
		{A88C2526-98D7-4BDA-B603-080654CE1DFC}.Debug|Any CPU.ActiveCfg = Debug|Any CPU
		{A88C2526-98D7-4BDA-B603-080654CE1DFC}.Debug|Any CPU.Build.0 = Debug|Any CPU
		{A88C2526-98D7-4BDA-B603-080654CE1DFC}.Release|Any CPU.ActiveCfg = Release|Any CPU
		{A88C2526-98D7-4BDA-B603-080654CE1DFC}.Release|Any CPU.Build.0 = Release|Any CPU
		{CDB9DD01-8428-4D64-B2F7-845F61F03FB1}.Debug|Any CPU.ActiveCfg = Debug|Any CPU
		{CDB9DD01-8428-4D64-B2F7-845F61F03FB1}.Debug|Any CPU.Build.0 = Debug|Any CPU
		{CDB9DD01-8428-4D64-B2F7-845F61F03FB1}.Release|Any CPU.ActiveCfg = Release|Any CPU
		{CDB9DD01-8428-4D64-B2F7-845F61F03FB1}.Release|Any CPU.Build.0 = Release|Any CPU
		{DBEB7D14-30D5-4171-B6B9-CEA6F291F986}.Debug|Any CPU.ActiveCfg = Debug|Any CPU
		{DBEB7D14-30D5-4171-B6B9-CEA6F291F986}.Debug|Any CPU.Build.0 = Debug|Any CPU
		{DBEB7D14-30D5-4171-B6B9-CEA6F291F986}.Release|Any CPU.ActiveCfg = Release|Any CPU
		{DBEB7D14-30D5-4171-B6B9-CEA6F291F986}.Release|Any CPU.Build.0 = Release|Any CPU
		{0580E19D-45C1-4CF2-A842-340E3930F566}.Debug|Any CPU.ActiveCfg = Debug|Any CPU
		{0580E19D-45C1-4CF2-A842-340E3930F566}.Debug|Any CPU.Build.0 = Debug|Any CPU
		{0580E19D-45C1-4CF2-A842-340E3930F566}.Release|Any CPU.ActiveCfg = Release|Any CPU
		{0580E19D-45C1-4CF2-A842-340E3930F566}.Release|Any CPU.Build.0 = Release|Any CPU
		{7CA71090-0F43-4D57-81F7-2700EACD51E6}.Debug|Any CPU.ActiveCfg = Debug|Any CPU
		{7CA71090-0F43-4D57-81F7-2700EACD51E6}.Debug|Any CPU.Build.0 = Debug|Any CPU
		{7CA71090-0F43-4D57-81F7-2700EACD51E6}.Release|Any CPU.ActiveCfg = Release|Any CPU
		{7CA71090-0F43-4D57-81F7-2700EACD51E6}.Release|Any CPU.Build.0 = Release|Any CPU
		{132FDA2A-091C-495A-B8D0-6E977DB90DB3}.Debug|Any CPU.ActiveCfg = Debug|Any CPU
		{132FDA2A-091C-495A-B8D0-6E977DB90DB3}.Debug|Any CPU.Build.0 = Debug|Any CPU
		{132FDA2A-091C-495A-B8D0-6E977DB90DB3}.Release|Any CPU.ActiveCfg = Release|Any CPU
		{132FDA2A-091C-495A-B8D0-6E977DB90DB3}.Release|Any CPU.Build.0 = Release|Any CPU
		{1BD2FB77-30A3-4768-A2AA-9EA10DDCB4A5}.Debug|Any CPU.ActiveCfg = Debug|Any CPU
		{1BD2FB77-30A3-4768-A2AA-9EA10DDCB4A5}.Debug|Any CPU.Build.0 = Debug|Any CPU
		{1BD2FB77-30A3-4768-A2AA-9EA10DDCB4A5}.Release|Any CPU.ActiveCfg = Release|Any CPU
		{1BD2FB77-30A3-4768-A2AA-9EA10DDCB4A5}.Release|Any CPU.Build.0 = Release|Any CPU
	EndGlobalSection
	GlobalSection(SolutionProperties) = preSolution
		HideSolutionNode = FALSE
	EndGlobalSection
	GlobalSection(ExtensibilityGlobals) = postSolution
		SolutionGuid = {987914B0-5843-482F-BD60-05C6E8140146}
	EndGlobalSection
EndGlobal
