
Microsoft Visual Studio Solution File, Format Version 12.00
# Visual Studio 15
VisualStudioVersion = 15.0.27004.2002
MinimumVisualStudioVersion = 10.0.40219.1
Project("{FAE04EC0-301F-11D3-BF4B-00C04F79EFBC}") = "Задание 1", "Задание 1\Задание 1.csproj", "{6F3A4E4C-1814-4E39-A50A-A4283276BAF9}"
EndProject
Project("{FAE04EC0-301F-11D3-BF4B-00C04F79EFBC}") = "Задание 2", "Задание 2\Задание 2.csproj", "{3B9FC9DA-3396-4074-9035-63457C9177D9}"
EndProject
Project("{FAE04EC0-301F-11D3-BF4B-00C04F79EFBC}") = "Задание 3", "Задание 3\Задание 3.csproj", "{5BF18F9A-4E46-466A-950C-CA3E07EA4A75}"
EndProject
Project("{FAE04EC0-301F-11D3-BF4B-00C04F79EFBC}") = "Задание 4", "Задание 4\Задание 4.csproj", "{5DD40B93-5559-45B6-AD1C-128B3D167440}"
EndProject
Project("{FAE04EC0-301F-11D3-BF4B-00C04F79EFBC}") = "Задание 5", "Задание 5\Задание 5.csproj", "{7D080F07-1A0A-4BF3-9601-FD22879587CD}"
EndProject
Project("{FAE04EC0-301F-11D3-BF4B-00C04F79EFBC}") = "Задание 6", "Задание 6\Задание 6.csproj", "{D7CA4C6C-E942-4538-A195-11EE148E6EA1}"
EndProject
Project("{FAE04EC0-301F-11D3-BF4B-00C04F79EFBC}") = "Задание 7", "Задание 7\Задание 7.csproj", "{07A4C92C-C559-4A3C-81BC-899F09F2C698}"
EndProject
Project("{FAE04EC0-301F-11D3-BF4B-00C04F79EFBC}") = "Задание 8", "Задание 8\Задание 8.csproj", "{002BCE9F-5F03-4601-880F-769D826B744A}"
EndProject
Project("{FAE04EC0-301F-11D3-BF4B-00C04F79EFBC}") = "Задание 9", "Задание 9\Задание 9.csproj", "{02FF27DE-381D-43C4-896C-F2291364E2EE}"
EndProject
Project("{FAE04EC0-301F-11D3-BF4B-00C04F79EFBC}") = "Задание 10", "Задание 10\Задание 10.csproj", "{2F2D8097-8C98-4328-9CBB-158DFD5626EE}"
EndProject
Project("{FAE04EC0-301F-11D3-BF4B-00C04F79EFBC}") = "Задание 11", "Задание 11\Задание 11.csproj", "{E74AD7B5-D978-407B-93F0-D019D125D969}"
EndProject
Project("{FAE04EC0-301F-11D3-BF4B-00C04F79EFBC}") = "Задание 12", "Задание 12\Задание 12.csproj", "{A54BD90E-3887-4E64-B0B2-F69F9F048349}"
EndProject
Project("{FAE04EC0-301F-11D3-BF4B-00C04F79EFBC}") = "Задание 13", "Задание 13\Задание 13.csproj", "{1951D341-4774-449D-85FC-B4BCB1B82DFA}"
EndProject
Project("{FAE04EC0-301F-11D3-BF4B-00C04F79EFBC}") = "Задание 14", "Задание 14\Задание 14.csproj", "{836AF4E9-50FF-4671-86EA-A0706FDD5C70}"
EndProject
Project("{FAE04EC0-301F-11D3-BF4B-00C04F79EFBC}") = "Задание 15", "Задание 15\Задание 15.csproj", "{E6188B42-2E88-4503-9B9B-AD768F52A32C}"
EndProject
Project("{FAE04EC0-301F-11D3-BF4B-00C04F79EFBC}") = "Задание 16", "Задание 16\Задание 16.csproj", "{D6CB5BF7-8B68-4262-985A-0A5DB37433C8}"
EndProject
Project("{FAE04EC0-301F-11D3-BF4B-00C04F79EFBC}") = "Задание 17", "Задание 17\Задание 17.csproj", "{6E87736A-8C31-41C3-BA6A-0B5F2470D444}"
EndProject
Project("{FAE04EC0-301F-11D3-BF4B-00C04F79EFBC}") = "Задание 18", "Задание 18\Задание 18.csproj", "{FBD2E7A9-84FC-4703-A008-13BB17C6CE19}"
EndProject
Project("{FAE04EC0-301F-11D3-BF4B-00C04F79EFBC}") = "Задание 19", "Задание 19\Задание 19.csproj", "{A0882F67-BC56-4BD8-9728-3F3C325AB4F9}"
EndProject
Project("{FAE04EC0-301F-11D3-BF4B-00C04F79EFBC}") = "Задание 20", "Задание 20\Задание 20.csproj", "{B8E9EB55-481F-43BB-A4F3-AB3BEFFE4BE2}"
EndProject
Project("{FAE04EC0-301F-11D3-BF4B-00C04F79EFBC}") = "Задание 21", "Задание 21\Задание 21.csproj", "{0174914E-D8EE-4E4B-B2EB-279BDE3E50AA}"
EndProject
Project("{FAE04EC0-301F-11D3-BF4B-00C04F79EFBC}") = "Задание 22", "Задание 22\Задание 22.csproj", "{72A75DB8-C82B-4A0E-BAC3-76C9E160CD68}"
EndProject
Project("{FAE04EC0-301F-11D3-BF4B-00C04F79EFBC}") = "Задание 23", "Задание 23\Задание 23.csproj", "{1C55B09B-FF01-49A7-9D8F-AE03AD1CE568}"
EndProject
Project("{FAE04EC0-301F-11D3-BF4B-00C04F79EFBC}") = "Задание 24", "Задание 24\Задание 24.csproj", "{C0E0BFBB-8225-4ABD-A080-A05F656AD9CC}"
EndProject
Project("{FAE04EC0-301F-11D3-BF4B-00C04F79EFBC}") = "Задание 25", "Задание 25\Задание 25.csproj", "{95C34E38-AB67-41A1-A341-7049DCE9E29B}"
EndProject
Project("{FAE04EC0-301F-11D3-BF4B-00C04F79EFBC}") = "Задание 26", "Задание 26\Задание 26.csproj", "{273F9D89-90C8-4D42-BD4B-AD5C86E3C942}"
EndProject
Project("{FAE04EC0-301F-11D3-BF4B-00C04F79EFBC}") = "Задание 27", "Задание 27\Задание 27.csproj", "{BB5FFB8F-583B-4CBF-BF46-C7231F53E2F3}"
EndProject
Project("{FAE04EC0-301F-11D3-BF4B-00C04F79EFBC}") = "Задание 28", "Задание 28\Задание 28.csproj", "{6B4F1676-672D-4FFB-9492-3E992A8D3326}"
EndProject
Project("{FAE04EC0-301F-11D3-BF4B-00C04F79EFBC}") = "Задание 29", "Задание 29\Задание 29.csproj", "{A8B4FA8A-12DF-4731-BC60-936ABD4C77C7}"
EndProject
Global
	GlobalSection(SolutionConfigurationPlatforms) = preSolution
		Debug|Any CPU = Debug|Any CPU
		Release|Any CPU = Release|Any CPU
	EndGlobalSection
	GlobalSection(ProjectConfigurationPlatforms) = postSolution
		{6F3A4E4C-1814-4E39-A50A-A4283276BAF9}.Debug|Any CPU.ActiveCfg = Debug|Any CPU
		{6F3A4E4C-1814-4E39-A50A-A4283276BAF9}.Debug|Any CPU.Build.0 = Debug|Any CPU
		{6F3A4E4C-1814-4E39-A50A-A4283276BAF9}.Release|Any CPU.ActiveCfg = Release|Any CPU
		{6F3A4E4C-1814-4E39-A50A-A4283276BAF9}.Release|Any CPU.Build.0 = Release|Any CPU
		{3B9FC9DA-3396-4074-9035-63457C9177D9}.Debug|Any CPU.ActiveCfg = Debug|Any CPU
		{3B9FC9DA-3396-4074-9035-63457C9177D9}.Debug|Any CPU.Build.0 = Debug|Any CPU
		{3B9FC9DA-3396-4074-9035-63457C9177D9}.Release|Any CPU.ActiveCfg = Release|Any CPU
		{3B9FC9DA-3396-4074-9035-63457C9177D9}.Release|Any CPU.Build.0 = Release|Any CPU
		{5BF18F9A-4E46-466A-950C-CA3E07EA4A75}.Debug|Any CPU.ActiveCfg = Debug|Any CPU
		{5BF18F9A-4E46-466A-950C-CA3E07EA4A75}.Debug|Any CPU.Build.0 = Debug|Any CPU
		{5BF18F9A-4E46-466A-950C-CA3E07EA4A75}.Release|Any CPU.ActiveCfg = Release|Any CPU
		{5BF18F9A-4E46-466A-950C-CA3E07EA4A75}.Release|Any CPU.Build.0 = Release|Any CPU
		{5DD40B93-5559-45B6-AD1C-128B3D167440}.Debug|Any CPU.ActiveCfg = Debug|Any CPU
		{5DD40B93-5559-45B6-AD1C-128B3D167440}.Debug|Any CPU.Build.0 = Debug|Any CPU
		{5DD40B93-5559-45B6-AD1C-128B3D167440}.Release|Any CPU.ActiveCfg = Release|Any CPU
		{5DD40B93-5559-45B6-AD1C-128B3D167440}.Release|Any CPU.Build.0 = Release|Any CPU
		{7D080F07-1A0A-4BF3-9601-FD22879587CD}.Debug|Any CPU.ActiveCfg = Debug|Any CPU
		{7D080F07-1A0A-4BF3-9601-FD22879587CD}.Debug|Any CPU.Build.0 = Debug|Any CPU
		{7D080F07-1A0A-4BF3-9601-FD22879587CD}.Release|Any CPU.ActiveCfg = Release|Any CPU
		{7D080F07-1A0A-4BF3-9601-FD22879587CD}.Release|Any CPU.Build.0 = Release|Any CPU
		{D7CA4C6C-E942-4538-A195-11EE148E6EA1}.Debug|Any CPU.ActiveCfg = Debug|Any CPU
		{D7CA4C6C-E942-4538-A195-11EE148E6EA1}.Debug|Any CPU.Build.0 = Debug|Any CPU
		{D7CA4C6C-E942-4538-A195-11EE148E6EA1}.Release|Any CPU.ActiveCfg = Release|Any CPU
		{D7CA4C6C-E942-4538-A195-11EE148E6EA1}.Release|Any CPU.Build.0 = Release|Any CPU
		{07A4C92C-C559-4A3C-81BC-899F09F2C698}.Debug|Any CPU.ActiveCfg = Debug|Any CPU
		{07A4C92C-C559-4A3C-81BC-899F09F2C698}.Debug|Any CPU.Build.0 = Debug|Any CPU
		{07A4C92C-C559-4A3C-81BC-899F09F2C698}.Release|Any CPU.ActiveCfg = Release|Any CPU
		{07A4C92C-C559-4A3C-81BC-899F09F2C698}.Release|Any CPU.Build.0 = Release|Any CPU
		{002BCE9F-5F03-4601-880F-769D826B744A}.Debug|Any CPU.ActiveCfg = Debug|Any CPU
		{002BCE9F-5F03-4601-880F-769D826B744A}.Debug|Any CPU.Build.0 = Debug|Any CPU
		{002BCE9F-5F03-4601-880F-769D826B744A}.Release|Any CPU.ActiveCfg = Release|Any CPU
		{002BCE9F-5F03-4601-880F-769D826B744A}.Release|Any CPU.Build.0 = Release|Any CPU
		{02FF27DE-381D-43C4-896C-F2291364E2EE}.Debug|Any CPU.ActiveCfg = Debug|Any CPU
		{02FF27DE-381D-43C4-896C-F2291364E2EE}.Debug|Any CPU.Build.0 = Debug|Any CPU
		{02FF27DE-381D-43C4-896C-F2291364E2EE}.Release|Any CPU.ActiveCfg = Release|Any CPU
		{02FF27DE-381D-43C4-896C-F2291364E2EE}.Release|Any CPU.Build.0 = Release|Any CPU
		{2F2D8097-8C98-4328-9CBB-158DFD5626EE}.Debug|Any CPU.ActiveCfg = Debug|Any CPU
		{2F2D8097-8C98-4328-9CBB-158DFD5626EE}.Debug|Any CPU.Build.0 = Debug|Any CPU
		{2F2D8097-8C98-4328-9CBB-158DFD5626EE}.Release|Any CPU.ActiveCfg = Release|Any CPU
		{2F2D8097-8C98-4328-9CBB-158DFD5626EE}.Release|Any CPU.Build.0 = Release|Any CPU
		{E74AD7B5-D978-407B-93F0-D019D125D969}.Debug|Any CPU.ActiveCfg = Debug|Any CPU
		{E74AD7B5-D978-407B-93F0-D019D125D969}.Debug|Any CPU.Build.0 = Debug|Any CPU
		{E74AD7B5-D978-407B-93F0-D019D125D969}.Release|Any CPU.ActiveCfg = Release|Any CPU
		{E74AD7B5-D978-407B-93F0-D019D125D969}.Release|Any CPU.Build.0 = Release|Any CPU
		{A54BD90E-3887-4E64-B0B2-F69F9F048349}.Debug|Any CPU.ActiveCfg = Debug|Any CPU
		{A54BD90E-3887-4E64-B0B2-F69F9F048349}.Debug|Any CPU.Build.0 = Debug|Any CPU
		{A54BD90E-3887-4E64-B0B2-F69F9F048349}.Release|Any CPU.ActiveCfg = Release|Any CPU
		{A54BD90E-3887-4E64-B0B2-F69F9F048349}.Release|Any CPU.Build.0 = Release|Any CPU
		{1951D341-4774-449D-85FC-B4BCB1B82DFA}.Debug|Any CPU.ActiveCfg = Debug|Any CPU
		{1951D341-4774-449D-85FC-B4BCB1B82DFA}.Debug|Any CPU.Build.0 = Debug|Any CPU
		{1951D341-4774-449D-85FC-B4BCB1B82DFA}.Release|Any CPU.ActiveCfg = Release|Any CPU
		{1951D341-4774-449D-85FC-B4BCB1B82DFA}.Release|Any CPU.Build.0 = Release|Any CPU
		{836AF4E9-50FF-4671-86EA-A0706FDD5C70}.Debug|Any CPU.ActiveCfg = Debug|Any CPU
		{836AF4E9-50FF-4671-86EA-A0706FDD5C70}.Debug|Any CPU.Build.0 = Debug|Any CPU
		{836AF4E9-50FF-4671-86EA-A0706FDD5C70}.Release|Any CPU.ActiveCfg = Release|Any CPU
		{836AF4E9-50FF-4671-86EA-A0706FDD5C70}.Release|Any CPU.Build.0 = Release|Any CPU
		{E6188B42-2E88-4503-9B9B-AD768F52A32C}.Debug|Any CPU.ActiveCfg = Debug|Any CPU
		{E6188B42-2E88-4503-9B9B-AD768F52A32C}.Debug|Any CPU.Build.0 = Debug|Any CPU
		{E6188B42-2E88-4503-9B9B-AD768F52A32C}.Release|Any CPU.ActiveCfg = Release|Any CPU
		{E6188B42-2E88-4503-9B9B-AD768F52A32C}.Release|Any CPU.Build.0 = Release|Any CPU
		{D6CB5BF7-8B68-4262-985A-0A5DB37433C8}.Debug|Any CPU.ActiveCfg = Debug|Any CPU
		{D6CB5BF7-8B68-4262-985A-0A5DB37433C8}.Debug|Any CPU.Build.0 = Debug|Any CPU
		{D6CB5BF7-8B68-4262-985A-0A5DB37433C8}.Release|Any CPU.ActiveCfg = Release|Any CPU
		{D6CB5BF7-8B68-4262-985A-0A5DB37433C8}.Release|Any CPU.Build.0 = Release|Any CPU
		{6E87736A-8C31-41C3-BA6A-0B5F2470D444}.Debug|Any CPU.ActiveCfg = Debug|Any CPU
		{6E87736A-8C31-41C3-BA6A-0B5F2470D444}.Debug|Any CPU.Build.0 = Debug|Any CPU
		{6E87736A-8C31-41C3-BA6A-0B5F2470D444}.Release|Any CPU.ActiveCfg = Release|Any CPU
		{6E87736A-8C31-41C3-BA6A-0B5F2470D444}.Release|Any CPU.Build.0 = Release|Any CPU
		{FBD2E7A9-84FC-4703-A008-13BB17C6CE19}.Debug|Any CPU.ActiveCfg = Debug|Any CPU
		{FBD2E7A9-84FC-4703-A008-13BB17C6CE19}.Debug|Any CPU.Build.0 = Debug|Any CPU
		{FBD2E7A9-84FC-4703-A008-13BB17C6CE19}.Release|Any CPU.ActiveCfg = Release|Any CPU
		{FBD2E7A9-84FC-4703-A008-13BB17C6CE19}.Release|Any CPU.Build.0 = Release|Any CPU
		{A0882F67-BC56-4BD8-9728-3F3C325AB4F9}.Debug|Any CPU.ActiveCfg = Debug|Any CPU
		{A0882F67-BC56-4BD8-9728-3F3C325AB4F9}.Debug|Any CPU.Build.0 = Debug|Any CPU
		{A0882F67-BC56-4BD8-9728-3F3C325AB4F9}.Release|Any CPU.ActiveCfg = Release|Any CPU
		{A0882F67-BC56-4BD8-9728-3F3C325AB4F9}.Release|Any CPU.Build.0 = Release|Any CPU
		{B8E9EB55-481F-43BB-A4F3-AB3BEFFE4BE2}.Debug|Any CPU.ActiveCfg = Debug|Any CPU
		{B8E9EB55-481F-43BB-A4F3-AB3BEFFE4BE2}.Debug|Any CPU.Build.0 = Debug|Any CPU
		{B8E9EB55-481F-43BB-A4F3-AB3BEFFE4BE2}.Release|Any CPU.ActiveCfg = Release|Any CPU
		{B8E9EB55-481F-43BB-A4F3-AB3BEFFE4BE2}.Release|Any CPU.Build.0 = Release|Any CPU
		{0174914E-D8EE-4E4B-B2EB-279BDE3E50AA}.Debug|Any CPU.ActiveCfg = Debug|Any CPU
		{0174914E-D8EE-4E4B-B2EB-279BDE3E50AA}.Debug|Any CPU.Build.0 = Debug|Any CPU
		{0174914E-D8EE-4E4B-B2EB-279BDE3E50AA}.Release|Any CPU.ActiveCfg = Release|Any CPU
		{0174914E-D8EE-4E4B-B2EB-279BDE3E50AA}.Release|Any CPU.Build.0 = Release|Any CPU
		{72A75DB8-C82B-4A0E-BAC3-76C9E160CD68}.Debug|Any CPU.ActiveCfg = Debug|Any CPU
		{72A75DB8-C82B-4A0E-BAC3-76C9E160CD68}.Debug|Any CPU.Build.0 = Debug|Any CPU
		{72A75DB8-C82B-4A0E-BAC3-76C9E160CD68}.Release|Any CPU.ActiveCfg = Release|Any CPU
		{72A75DB8-C82B-4A0E-BAC3-76C9E160CD68}.Release|Any CPU.Build.0 = Release|Any CPU
		{1C55B09B-FF01-49A7-9D8F-AE03AD1CE568}.Debug|Any CPU.ActiveCfg = Debug|Any CPU
		{1C55B09B-FF01-49A7-9D8F-AE03AD1CE568}.Debug|Any CPU.Build.0 = Debug|Any CPU
		{1C55B09B-FF01-49A7-9D8F-AE03AD1CE568}.Release|Any CPU.ActiveCfg = Release|Any CPU
		{1C55B09B-FF01-49A7-9D8F-AE03AD1CE568}.Release|Any CPU.Build.0 = Release|Any CPU
		{C0E0BFBB-8225-4ABD-A080-A05F656AD9CC}.Debug|Any CPU.ActiveCfg = Debug|Any CPU
		{C0E0BFBB-8225-4ABD-A080-A05F656AD9CC}.Debug|Any CPU.Build.0 = Debug|Any CPU
		{C0E0BFBB-8225-4ABD-A080-A05F656AD9CC}.Release|Any CPU.ActiveCfg = Release|Any CPU
		{C0E0BFBB-8225-4ABD-A080-A05F656AD9CC}.Release|Any CPU.Build.0 = Release|Any CPU
		{95C34E38-AB67-41A1-A341-7049DCE9E29B}.Debug|Any CPU.ActiveCfg = Debug|Any CPU
		{95C34E38-AB67-41A1-A341-7049DCE9E29B}.Debug|Any CPU.Build.0 = Debug|Any CPU
		{95C34E38-AB67-41A1-A341-7049DCE9E29B}.Release|Any CPU.ActiveCfg = Release|Any CPU
		{95C34E38-AB67-41A1-A341-7049DCE9E29B}.Release|Any CPU.Build.0 = Release|Any CPU
		{273F9D89-90C8-4D42-BD4B-AD5C86E3C942}.Debug|Any CPU.ActiveCfg = Debug|Any CPU
		{273F9D89-90C8-4D42-BD4B-AD5C86E3C942}.Debug|Any CPU.Build.0 = Debug|Any CPU
		{273F9D89-90C8-4D42-BD4B-AD5C86E3C942}.Release|Any CPU.ActiveCfg = Release|Any CPU
		{273F9D89-90C8-4D42-BD4B-AD5C86E3C942}.Release|Any CPU.Build.0 = Release|Any CPU
		{BB5FFB8F-583B-4CBF-BF46-C7231F53E2F3}.Debug|Any CPU.ActiveCfg = Debug|Any CPU
		{BB5FFB8F-583B-4CBF-BF46-C7231F53E2F3}.Debug|Any CPU.Build.0 = Debug|Any CPU
		{BB5FFB8F-583B-4CBF-BF46-C7231F53E2F3}.Release|Any CPU.ActiveCfg = Release|Any CPU
		{BB5FFB8F-583B-4CBF-BF46-C7231F53E2F3}.Release|Any CPU.Build.0 = Release|Any CPU
		{6B4F1676-672D-4FFB-9492-3E992A8D3326}.Debug|Any CPU.ActiveCfg = Debug|Any CPU
		{6B4F1676-672D-4FFB-9492-3E992A8D3326}.Debug|Any CPU.Build.0 = Debug|Any CPU
		{6B4F1676-672D-4FFB-9492-3E992A8D3326}.Release|Any CPU.ActiveCfg = Release|Any CPU
		{6B4F1676-672D-4FFB-9492-3E992A8D3326}.Release|Any CPU.Build.0 = Release|Any CPU
		{A8B4FA8A-12DF-4731-BC60-936ABD4C77C7}.Debug|Any CPU.ActiveCfg = Debug|Any CPU
		{A8B4FA8A-12DF-4731-BC60-936ABD4C77C7}.Debug|Any CPU.Build.0 = Debug|Any CPU
		{A8B4FA8A-12DF-4731-BC60-936ABD4C77C7}.Release|Any CPU.ActiveCfg = Release|Any CPU
		{A8B4FA8A-12DF-4731-BC60-936ABD4C77C7}.Release|Any CPU.Build.0 = Release|Any CPU
	EndGlobalSection
	GlobalSection(SolutionProperties) = preSolution
		HideSolutionNode = FALSE
	EndGlobalSection
	GlobalSection(ExtensibilityGlobals) = postSolution
		SolutionGuid = {22A1EC8B-5B84-4717-8566-CB47395E825A}
	EndGlobalSection
EndGlobal
