
Microsoft Visual Studio Solution File, Format Version 12.00
# Visual Studio 15
VisualStudioVersion = 15.0.27130.2010
MinimumVisualStudioVersion = 10.0.40219.1
Project("{FAE04EC0-301F-11D3-BF4B-00C04F79EFBC}") = "Задание 1", "Задание 1\Задание 1.csproj", "{AB6A1DE0-BD71-4141-82CD-242863209F75}"
EndProject
Project("{FAE04EC0-301F-11D3-BF4B-00C04F79EFBC}") = "Задание 2", "Задание 2\Задание 2.csproj", "{34E460D7-826B-4CDE-B671-47C86D777E1A}"
EndProject
Project("{FAE04EC0-301F-11D3-BF4B-00C04F79EFBC}") = "Задание 3", "Задание 3\Задание 3.csproj", "{BFF9671C-306B-49C7-8116-328AB74853AF}"
EndProject
Project("{FAE04EC0-301F-11D3-BF4B-00C04F79EFBC}") = "Задание 4", "Задание 4\Задание 4.csproj", "{388B2259-FFA7-492F-B0D2-D18249D4A0E4}"
EndProject
Project("{FAE04EC0-301F-11D3-BF4B-00C04F79EFBC}") = "Задание 5", "Задание 5\Задание 5.csproj", "{CBBC8B5C-9B11-4926-8C4C-3D6B42210DCF}"
EndProject
Project("{FAE04EC0-301F-11D3-BF4B-00C04F79EFBC}") = "Задание 6", "Задание 6\Задание 6.csproj", "{40E34950-49C1-44F1-A251-E5B86DB425B4}"
EndProject
Project("{FAE04EC0-301F-11D3-BF4B-00C04F79EFBC}") = "Задание 7", "Задание 7\Задание 7.csproj", "{E7E71F49-F9AA-4E4B-995B-A8C56D5611F4}"
EndProject
Project("{FAE04EC0-301F-11D3-BF4B-00C04F79EFBC}") = "Задание 8", "Задание 8\Задание 8.csproj", "{2BC8F9CF-CC6E-4B71-944F-3C55FC8189B8}"
EndProject
Project("{FAE04EC0-301F-11D3-BF4B-00C04F79EFBC}") = "Задание 9", "Задание 9\Задание 9.csproj", "{ACFE7096-A5BC-48E0-B253-02DAB3F49894}"
EndProject
Project("{FAE04EC0-301F-11D3-BF4B-00C04F79EFBC}") = "Задание 10", "Задание 10\Задание 10.csproj", "{1A472D53-1236-4F1A-89F3-8DF788CDCD0A}"
EndProject
Project("{FAE04EC0-301F-11D3-BF4B-00C04F79EFBC}") = "Задание 11", "Задание 11\Задание 11.csproj", "{23FC01D5-06DD-4BFB-A31E-30E261877043}"
EndProject
Project("{FAE04EC0-301F-11D3-BF4B-00C04F79EFBC}") = "Задание 12", "Задание 12\Задание 12.csproj", "{68D73BAA-CEB9-4B67-B05F-5BE891D1313F}"
EndProject
Project("{FAE04EC0-301F-11D3-BF4B-00C04F79EFBC}") = "Задание 13", "Задание 13\Задание 13.csproj", "{0A023BEC-D510-4496-8FA0-AC7E9B9EA919}"
EndProject
Project("{FAE04EC0-301F-11D3-BF4B-00C04F79EFBC}") = "Задание 14", "Задание 14\Задание 14.csproj", "{D36452EB-0C57-40FC-BE1D-20CDFAB2776E}"
EndProject
Project("{FAE04EC0-301F-11D3-BF4B-00C04F79EFBC}") = "Задание 15", "Задание 15\Задание 15.csproj", "{9A5E5503-68E9-4C36-8FCF-0F6685E95057}"
EndProject
Global
	GlobalSection(SolutionConfigurationPlatforms) = preSolution
		Debug|Any CPU = Debug|Any CPU
		Release|Any CPU = Release|Any CPU
	EndGlobalSection
	GlobalSection(ProjectConfigurationPlatforms) = postSolution
		{AB6A1DE0-BD71-4141-82CD-242863209F75}.Debug|Any CPU.ActiveCfg = Debug|Any CPU
		{AB6A1DE0-BD71-4141-82CD-242863209F75}.Debug|Any CPU.Build.0 = Debug|Any CPU
		{AB6A1DE0-BD71-4141-82CD-242863209F75}.Release|Any CPU.ActiveCfg = Release|Any CPU
		{AB6A1DE0-BD71-4141-82CD-242863209F75}.Release|Any CPU.Build.0 = Release|Any CPU
		{34E460D7-826B-4CDE-B671-47C86D777E1A}.Debug|Any CPU.ActiveCfg = Debug|Any CPU
		{34E460D7-826B-4CDE-B671-47C86D777E1A}.Debug|Any CPU.Build.0 = Debug|Any CPU
		{34E460D7-826B-4CDE-B671-47C86D777E1A}.Release|Any CPU.ActiveCfg = Release|Any CPU
		{34E460D7-826B-4CDE-B671-47C86D777E1A}.Release|Any CPU.Build.0 = Release|Any CPU
		{BFF9671C-306B-49C7-8116-328AB74853AF}.Debug|Any CPU.ActiveCfg = Debug|Any CPU
		{BFF9671C-306B-49C7-8116-328AB74853AF}.Debug|Any CPU.Build.0 = Debug|Any CPU
		{BFF9671C-306B-49C7-8116-328AB74853AF}.Release|Any CPU.ActiveCfg = Release|Any CPU
		{BFF9671C-306B-49C7-8116-328AB74853AF}.Release|Any CPU.Build.0 = Release|Any CPU
		{388B2259-FFA7-492F-B0D2-D18249D4A0E4}.Debug|Any CPU.ActiveCfg = Debug|Any CPU
		{388B2259-FFA7-492F-B0D2-D18249D4A0E4}.Debug|Any CPU.Build.0 = Debug|Any CPU
		{388B2259-FFA7-492F-B0D2-D18249D4A0E4}.Release|Any CPU.ActiveCfg = Release|Any CPU
		{388B2259-FFA7-492F-B0D2-D18249D4A0E4}.Release|Any CPU.Build.0 = Release|Any CPU
		{CBBC8B5C-9B11-4926-8C4C-3D6B42210DCF}.Debug|Any CPU.ActiveCfg = Debug|Any CPU
		{CBBC8B5C-9B11-4926-8C4C-3D6B42210DCF}.Debug|Any CPU.Build.0 = Debug|Any CPU
		{CBBC8B5C-9B11-4926-8C4C-3D6B42210DCF}.Release|Any CPU.ActiveCfg = Release|Any CPU
		{CBBC8B5C-9B11-4926-8C4C-3D6B42210DCF}.Release|Any CPU.Build.0 = Release|Any CPU
		{40E34950-49C1-44F1-A251-E5B86DB425B4}.Debug|Any CPU.ActiveCfg = Debug|Any CPU
		{40E34950-49C1-44F1-A251-E5B86DB425B4}.Debug|Any CPU.Build.0 = Debug|Any CPU
		{40E34950-49C1-44F1-A251-E5B86DB425B4}.Release|Any CPU.ActiveCfg = Release|Any CPU
		{40E34950-49C1-44F1-A251-E5B86DB425B4}.Release|Any CPU.Build.0 = Release|Any CPU
		{E7E71F49-F9AA-4E4B-995B-A8C56D5611F4}.Debug|Any CPU.ActiveCfg = Debug|Any CPU
		{E7E71F49-F9AA-4E4B-995B-A8C56D5611F4}.Debug|Any CPU.Build.0 = Debug|Any CPU
		{E7E71F49-F9AA-4E4B-995B-A8C56D5611F4}.Release|Any CPU.ActiveCfg = Release|Any CPU
		{E7E71F49-F9AA-4E4B-995B-A8C56D5611F4}.Release|Any CPU.Build.0 = Release|Any CPU
		{2BC8F9CF-CC6E-4B71-944F-3C55FC8189B8}.Debug|Any CPU.ActiveCfg = Debug|Any CPU
		{2BC8F9CF-CC6E-4B71-944F-3C55FC8189B8}.Debug|Any CPU.Build.0 = Debug|Any CPU
		{2BC8F9CF-CC6E-4B71-944F-3C55FC8189B8}.Release|Any CPU.ActiveCfg = Release|Any CPU
		{2BC8F9CF-CC6E-4B71-944F-3C55FC8189B8}.Release|Any CPU.Build.0 = Release|Any CPU
		{ACFE7096-A5BC-48E0-B253-02DAB3F49894}.Debug|Any CPU.ActiveCfg = Debug|Any CPU
		{ACFE7096-A5BC-48E0-B253-02DAB3F49894}.Debug|Any CPU.Build.0 = Debug|Any CPU
		{ACFE7096-A5BC-48E0-B253-02DAB3F49894}.Release|Any CPU.ActiveCfg = Release|Any CPU
		{ACFE7096-A5BC-48E0-B253-02DAB3F49894}.Release|Any CPU.Build.0 = Release|Any CPU
		{1A472D53-1236-4F1A-89F3-8DF788CDCD0A}.Debug|Any CPU.ActiveCfg = Debug|Any CPU
		{1A472D53-1236-4F1A-89F3-8DF788CDCD0A}.Debug|Any CPU.Build.0 = Debug|Any CPU
		{1A472D53-1236-4F1A-89F3-8DF788CDCD0A}.Release|Any CPU.ActiveCfg = Release|Any CPU
		{1A472D53-1236-4F1A-89F3-8DF788CDCD0A}.Release|Any CPU.Build.0 = Release|Any CPU
		{23FC01D5-06DD-4BFB-A31E-30E261877043}.Debug|Any CPU.ActiveCfg = Debug|Any CPU
		{23FC01D5-06DD-4BFB-A31E-30E261877043}.Debug|Any CPU.Build.0 = Debug|Any CPU
		{23FC01D5-06DD-4BFB-A31E-30E261877043}.Release|Any CPU.ActiveCfg = Release|Any CPU
		{23FC01D5-06DD-4BFB-A31E-30E261877043}.Release|Any CPU.Build.0 = Release|Any CPU
		{68D73BAA-CEB9-4B67-B05F-5BE891D1313F}.Debug|Any CPU.ActiveCfg = Debug|Any CPU
		{68D73BAA-CEB9-4B67-B05F-5BE891D1313F}.Debug|Any CPU.Build.0 = Debug|Any CPU
		{68D73BAA-CEB9-4B67-B05F-5BE891D1313F}.Release|Any CPU.ActiveCfg = Release|Any CPU
		{68D73BAA-CEB9-4B67-B05F-5BE891D1313F}.Release|Any CPU.Build.0 = Release|Any CPU
		{0A023BEC-D510-4496-8FA0-AC7E9B9EA919}.Debug|Any CPU.ActiveCfg = Debug|Any CPU
		{0A023BEC-D510-4496-8FA0-AC7E9B9EA919}.Debug|Any CPU.Build.0 = Debug|Any CPU
		{0A023BEC-D510-4496-8FA0-AC7E9B9EA919}.Release|Any CPU.ActiveCfg = Release|Any CPU
		{0A023BEC-D510-4496-8FA0-AC7E9B9EA919}.Release|Any CPU.Build.0 = Release|Any CPU
		{D36452EB-0C57-40FC-BE1D-20CDFAB2776E}.Debug|Any CPU.ActiveCfg = Debug|Any CPU
		{D36452EB-0C57-40FC-BE1D-20CDFAB2776E}.Debug|Any CPU.Build.0 = Debug|Any CPU
		{D36452EB-0C57-40FC-BE1D-20CDFAB2776E}.Release|Any CPU.ActiveCfg = Release|Any CPU
		{D36452EB-0C57-40FC-BE1D-20CDFAB2776E}.Release|Any CPU.Build.0 = Release|Any CPU
		{9A5E5503-68E9-4C36-8FCF-0F6685E95057}.Debug|Any CPU.ActiveCfg = Debug|Any CPU
		{9A5E5503-68E9-4C36-8FCF-0F6685E95057}.Debug|Any CPU.Build.0 = Debug|Any CPU
		{9A5E5503-68E9-4C36-8FCF-0F6685E95057}.Release|Any CPU.ActiveCfg = Release|Any CPU
		{9A5E5503-68E9-4C36-8FCF-0F6685E95057}.Release|Any CPU.Build.0 = Release|Any CPU
	EndGlobalSection
	GlobalSection(SolutionProperties) = preSolution
		HideSolutionNode = FALSE
	EndGlobalSection
	GlobalSection(ExtensibilityGlobals) = postSolution
		SolutionGuid = {BED90FA1-C5C2-4A1D-997F-A3478512E62D}
	EndGlobalSection
EndGlobal
